<?xml version="1.0" encoding="utf-8"?>
<Project ToolsVersion="4.0" xmlns="http://schemas.microsoft.com/developer/msbuild/2003">
  <ItemGroup>
    <Filter Include="Source Files">
      <UniqueIdentifier>{4FC737F1-C7A5-4376-A066-2A32D752A2FF}</UniqueIdentifier>
      <Extensions>cpp;c;cc;cxx;def;odl;idl;hpj;bat;asm;asmx</Extensions>
    </Filter>
    <Filter Include="Header Files">
      <UniqueIdentifier>{93995380-89BD-4b04-88EB-625FBE52EBFB}</UniqueIdentifier>
      <Extensions>h;hpp;hxx;hm;inl;inc;xsd</Extensions>
    </Filter>
    <Filter Include="Resource Files">
      <UniqueIdentifier>{67DA6AB6-F800-4c08-8B7A-83BB121AAD01}</UniqueIdentifier>
      <Extensions>rc;ico;cur;bmp;dlg;rc2;rct;bin;rgs;gif;jpg;jpeg;jpe;resx;tiff;tif;png;wav;mfcribbon-ms</Extensions>
    </Filter>
  </ItemGroup>
  <ItemGroup>
    <ClCompile Include="config\config.cpp">
      <Filter>Source Files</Filter>
    </ClCompile>
    <ClCompile Include="entity_system\entity.cpp">
      <Filter>Source Files</Filter>
    </ClCompile>
    <ClCompile Include="entity_system\signature_matcher.cpp">
      <Filter>Source Files</Filter>
    </ClCompile>
    <ClCompile Include="entity_system\templated_list.cpp">
      <Filter>Source Files</Filter>
    </ClCompile>
    <ClCompile Include="entity_system\type_registry.cpp">
      <Filter>Source Files</Filter>
    </ClCompile>
    <ClCompile Include="entity_system\world.cpp">
      <Filter>Source Files</Filter>
    </ClCompile>
    <ClCompile Include="error\error.cpp">
      <Filter>Source Files</Filter>
    </ClCompile>
    <ClCompile Include="rects\rects.cpp">
      <Filter>Source Files</Filter>
    </ClCompile>
    <ClCompile Include="texture_baker\font.cpp">
      <Filter>Source Files</Filter>
    </ClCompile>
    <ClCompile Include="texture_baker\image.cpp">
      <Filter>Source Files</Filter>
    </ClCompile>
    <ClCompile Include="texture_baker\rectpack.cpp">
      <Filter>Source Files</Filter>
    </ClCompile>
    <ClCompile Include="utility\timer.cpp">
      <Filter>Source Files</Filter>
    </ClCompile>
    <ClCompile Include="utility\value_animator.cpp">
      <Filter>Source Files</Filter>
    </ClCompile>
    <ClCompile Include="window_framework\event.cpp">
      <Filter>Source Files</Filter>
    </ClCompile>
    <ClCompile Include="window_framework\window.cpp">
      <Filter>Source Files</Filter>
    </ClCompile>
    <ClCompile Include="augmentations.cpp">
      <Filter>Source Files</Filter>
    </ClCompile>
    <ClCompile Include="texture_baker\texture_baker.cpp">
      <Filter>Source Files</Filter>
    </ClCompile>
    <ClCompile Include="SDK\entity_system\entity_system.cpp">
      <Filter>Source Files</Filter>
    </ClCompile>
    <ClCompile Include="SDK\entity_system\systems.cpp">
      <Filter>Source Files</Filter>
    </ClCompile>
    <ClCompile Include="entity_system\processing_system.cpp">
      <Filter>Source Files</Filter>
    </ClCompile>
    <ClCompile Include="entity_system\component.cpp">
      <Filter>Source Files</Filter>
    </ClCompile>
  </ItemGroup>
  <ItemGroup>
    <ClInclude Include="config\config.h">
      <Filter>Header Files</Filter>
    </ClInclude>
    <ClInclude Include="entity_system\component.h">
      <Filter>Header Files</Filter>
    </ClInclude>
    <ClInclude Include="entity_system\entity.h">
      <Filter>Header Files</Filter>
    </ClInclude>
    <ClInclude Include="entity_system\signature_matcher.h">
      <Filter>Header Files</Filter>
    </ClInclude>
    <ClInclude Include="entity_system\templated_list.h">
      <Filter>Header Files</Filter>
    </ClInclude>
    <ClInclude Include="entity_system\type_registry.h">
      <Filter>Header Files</Filter>
    </ClInclude>
    <ClInclude Include="entity_system\world.h">
      <Filter>Header Files</Filter>
    </ClInclude>
    <ClInclude Include="error\error.h">
      <Filter>Header Files</Filter>
    </ClInclude>
    <ClInclude Include="rects\rects.h">
      <Filter>Header Files</Filter>
    </ClInclude>
    <ClInclude Include="texture_baker\font.h">
      <Filter>Header Files</Filter>
    </ClInclude>
    <ClInclude Include="texture_baker\image.h">
      <Filter>Header Files</Filter>
    </ClInclude>
    <ClInclude Include="texture_baker\rectpack.h">
      <Filter>Header Files</Filter>
    </ClInclude>
    <ClInclude Include="texture_baker\texture_baker.h">
      <Filter>Header Files</Filter>
    </ClInclude>
    <ClInclude Include="utility\stream.h">
      <Filter>Header Files</Filter>
    </ClInclude>
    <ClInclude Include="utility\timer.h">
      <Filter>Header Files</Filter>
    </ClInclude>
    <ClInclude Include="utility\type_mapper.h">
      <Filter>Header Files</Filter>
    </ClInclude>
    <ClInclude Include="utility\value_animator.h">
      <Filter>Header Files</Filter>
    </ClInclude>
    <ClInclude Include="window_framework\event.h">
      <Filter>Header Files</Filter>
    </ClInclude>
    <ClInclude Include="window_framework\window.h">
      <Filter>Header Files</Filter>
    </ClInclude>
    <ClInclude Include="augmentations.h">
      <Filter>Header Files</Filter>
    </ClInclude>
    <ClInclude Include="options.h">
      <Filter>Header Files</Filter>
    </ClInclude>
    <ClInclude Include="entity_system\entity_system.h">
      <Filter>Header Files</Filter>
    </ClInclude>
    <ClInclude Include="SDK\entity_system\components.h">
      <Filter>Header Files</Filter>
    </ClInclude>
    <ClInclude Include="SDK\entity_system\systems.h">
      <Filter>Header Files</Filter>
    </ClInclude>
    <ClInclude Include="entity_system\processing_system.h">
      <Filter>Header Files</Filter>
    </ClInclude>
  </ItemGroup>
</Project>