<?xml version="1.0" encoding="utf-8"?>
<Project ToolsVersion="4.0" xmlns="http://schemas.microsoft.com/developer/msbuild/2003">
  <ItemGroup>
    <Filter Include="Source Files">
      <UniqueIdentifier>{4FC737F1-C7A5-4376-A066-2A32D752A2FF}</UniqueIdentifier>
      <Extensions>cpp;c;cc;cxx;def;odl;idl;hpj;bat;asm;asmx</Extensions>
    </Filter>
    <Filter Include="Header Files">
      <UniqueIdentifier>{93995380-89BD-4b04-88EB-625FBE52EBFB}</UniqueIdentifier>
      <Extensions>h;hpp;hxx;hm;inl;inc;xsd</Extensions>
    </Filter>
    <Filter Include="Resource Files">
      <UniqueIdentifier>{67DA6AB6-F800-4c08-8B7A-83BB121AAD01}</UniqueIdentifier>
      <Extensions>rc;ico;cur;bmp;dlg;rc2;rct;bin;rgs;gif;jpg;jpeg;jpe;resx;tiff;tif;png;wav;mfcribbon-ms</Extensions>
    </Filter>
  </ItemGroup>
  <ItemGroup>
    <ClCompile Include="config\config.cpp">
      <Filter>Source Files</Filter>
    </ClCompile>
    <ClCompile Include="entity_system\entity.cpp">
      <Filter>Source Files</Filter>
    </ClCompile>
    <ClCompile Include="entity_system\signature_matcher.cpp">
      <Filter>Source Files</Filter>
    </ClCompile>
    <ClCompile Include="entity_system\templated_list.cpp">
      <Filter>Source Files</Filter>
    </ClCompile>
    <ClCompile Include="entity_system\type_registry.cpp">
      <Filter>Source Files</Filter>
    </ClCompile>
    <ClCompile Include="entity_system\world.cpp">
      <Filter>Source Files</Filter>
    </ClCompile>
    <ClCompile Include="error\error.cpp">
      <Filter>Source Files</Filter>
    </ClCompile>
    <ClCompile Include="texture_baker\font.cpp">
      <Filter>Source Files</Filter>
    </ClCompile>
    <ClCompile Include="texture_baker\image.cpp">
      <Filter>Source Files</Filter>
    </ClCompile>
    <ClCompile Include="texture_baker\rectpack.cpp">
      <Filter>Source Files</Filter>
    </ClCompile>
    <ClCompile Include="utility\timer.cpp">
      <Filter>Source Files</Filter>
    </ClCompile>
    <ClCompile Include="utility\value_animator.cpp">
      <Filter>Source Files</Filter>
    </ClCompile>
    <ClCompile Include="window_framework\event.cpp">
      <Filter>Source Files</Filter>
    </ClCompile>
    <ClCompile Include="window_framework\window.cpp">
      <Filter>Source Files</Filter>
    </ClCompile>
    <ClCompile Include="augmentations.cpp">
      <Filter>Source Files</Filter>
    </ClCompile>
    <ClCompile Include="texture_baker\texture_baker.cpp">
      <Filter>Source Files</Filter>
    </ClCompile>
    <ClCompile Include="entity_system\processing_system.cpp">
      <Filter>Source Files</Filter>
    </ClCompile>
    <ClCompile Include="entity_system\component.cpp">
      <Filter>Source Files</Filter>
    </ClCompile>
    <ClCompile Include="utility\delta_accumulator.cpp">
      <Filter>Source Files</Filter>
    </ClCompile>
    <ClCompile Include="utility\input_context.cpp">
      <Filter>Source Files</Filter>
    </ClCompile>
    <ClCompile Include="graphics\pixel.cpp">
      <Filter>Source Files</Filter>
    </ClCompile>
    <ClCompile Include="math\rects.cpp">
      <Filter>Source Files</Filter>
    </ClCompile>
    <ClCompile Include="math\vec2d.cpp">
      <Filter>Source Files</Filter>
    </ClCompile>
    <ClCompile Include="3rdparty\Box2D\Collision\Shapes\b2ChainShape.cpp">
      <Filter>Source Files</Filter>
    </ClCompile>
    <ClCompile Include="3rdparty\Box2D\Collision\Shapes\b2CircleShape.cpp">
      <Filter>Source Files</Filter>
    </ClCompile>
    <ClCompile Include="3rdparty\Box2D\Collision\Shapes\b2EdgeShape.cpp">
      <Filter>Source Files</Filter>
    </ClCompile>
    <ClCompile Include="3rdparty\Box2D\Collision\Shapes\b2PolygonShape.cpp">
      <Filter>Source Files</Filter>
    </ClCompile>
    <ClCompile Include="3rdparty\Box2D\Collision\b2BroadPhase.cpp">
      <Filter>Source Files</Filter>
    </ClCompile>
    <ClCompile Include="3rdparty\Box2D\Collision\b2CollideCircle.cpp">
      <Filter>Source Files</Filter>
    </ClCompile>
    <ClCompile Include="3rdparty\Box2D\Collision\b2CollideEdge.cpp">
      <Filter>Source Files</Filter>
    </ClCompile>
    <ClCompile Include="3rdparty\Box2D\Collision\b2CollidePolygon.cpp">
      <Filter>Source Files</Filter>
    </ClCompile>
    <ClCompile Include="3rdparty\Box2D\Collision\b2Collision.cpp">
      <Filter>Source Files</Filter>
    </ClCompile>
    <ClCompile Include="3rdparty\Box2D\Collision\b2Distance.cpp">
      <Filter>Source Files</Filter>
    </ClCompile>
    <ClCompile Include="3rdparty\Box2D\Collision\b2DynamicTree.cpp">
      <Filter>Source Files</Filter>
    </ClCompile>
    <ClCompile Include="3rdparty\Box2D\Collision\b2TimeOfImpact.cpp">
      <Filter>Source Files</Filter>
    </ClCompile>
    <ClCompile Include="3rdparty\Box2D\Common\b2BlockAllocator.cpp">
      <Filter>Source Files</Filter>
    </ClCompile>
    <ClCompile Include="3rdparty\Box2D\Common\b2Draw.cpp">
      <Filter>Source Files</Filter>
    </ClCompile>
    <ClCompile Include="3rdparty\Box2D\Common\b2Math.cpp">
      <Filter>Source Files</Filter>
    </ClCompile>
    <ClCompile Include="3rdparty\Box2D\Common\b2Settings.cpp">
      <Filter>Source Files</Filter>
    </ClCompile>
    <ClCompile Include="3rdparty\Box2D\Common\b2StackAllocator.cpp">
      <Filter>Source Files</Filter>
    </ClCompile>
    <ClCompile Include="3rdparty\Box2D\Common\b2Timer.cpp">
      <Filter>Source Files</Filter>
    </ClCompile>
    <ClCompile Include="3rdparty\Box2D\Dynamics\Contacts\b2ChainAndCircleContact.cpp">
      <Filter>Source Files</Filter>
    </ClCompile>
    <ClCompile Include="3rdparty\Box2D\Dynamics\Contacts\b2ChainAndPolygonContact.cpp">
      <Filter>Source Files</Filter>
    </ClCompile>
    <ClCompile Include="3rdparty\Box2D\Dynamics\Contacts\b2CircleContact.cpp">
      <Filter>Source Files</Filter>
    </ClCompile>
    <ClCompile Include="3rdparty\Box2D\Dynamics\Contacts\b2Contact.cpp">
      <Filter>Source Files</Filter>
    </ClCompile>
    <ClCompile Include="3rdparty\Box2D\Dynamics\Contacts\b2ContactSolver.cpp">
      <Filter>Source Files</Filter>
    </ClCompile>
    <ClCompile Include="3rdparty\Box2D\Dynamics\Contacts\b2EdgeAndCircleContact.cpp">
      <Filter>Source Files</Filter>
    </ClCompile>
    <ClCompile Include="3rdparty\Box2D\Dynamics\Contacts\b2EdgeAndPolygonContact.cpp">
      <Filter>Source Files</Filter>
    </ClCompile>
    <ClCompile Include="3rdparty\Box2D\Dynamics\Contacts\b2PolygonAndCircleContact.cpp">
      <Filter>Source Files</Filter>
    </ClCompile>
    <ClCompile Include="3rdparty\Box2D\Dynamics\Contacts\b2PolygonContact.cpp">
      <Filter>Source Files</Filter>
    </ClCompile>
    <ClCompile Include="3rdparty\Box2D\Dynamics\Joints\b2DistanceJoint.cpp">
      <Filter>Source Files</Filter>
    </ClCompile>
    <ClCompile Include="3rdparty\Box2D\Dynamics\Joints\b2FrictionJoint.cpp">
      <Filter>Source Files</Filter>
    </ClCompile>
    <ClCompile Include="3rdparty\Box2D\Dynamics\Joints\b2GearJoint.cpp">
      <Filter>Source Files</Filter>
    </ClCompile>
    <ClCompile Include="3rdparty\Box2D\Dynamics\Joints\b2Joint.cpp">
      <Filter>Source Files</Filter>
    </ClCompile>
    <ClCompile Include="3rdparty\Box2D\Dynamics\Joints\b2MouseJoint.cpp">
      <Filter>Source Files</Filter>
    </ClCompile>
    <ClCompile Include="3rdparty\Box2D\Dynamics\Joints\b2PrismaticJoint.cpp">
      <Filter>Source Files</Filter>
    </ClCompile>
    <ClCompile Include="3rdparty\Box2D\Dynamics\Joints\b2PulleyJoint.cpp">
      <Filter>Source Files</Filter>
    </ClCompile>
    <ClCompile Include="3rdparty\Box2D\Dynamics\Joints\b2RevoluteJoint.cpp">
      <Filter>Source Files</Filter>
    </ClCompile>
    <ClCompile Include="3rdparty\Box2D\Dynamics\Joints\b2RopeJoint.cpp">
      <Filter>Source Files</Filter>
    </ClCompile>
    <ClCompile Include="3rdparty\Box2D\Dynamics\Joints\b2WeldJoint.cpp">
      <Filter>Source Files</Filter>
    </ClCompile>
    <ClCompile Include="3rdparty\Box2D\Dynamics\Joints\b2WheelJoint.cpp">
      <Filter>Source Files</Filter>
    </ClCompile>
    <ClCompile Include="3rdparty\Box2D\Dynamics\b2Body.cpp">
      <Filter>Source Files</Filter>
    </ClCompile>
    <ClCompile Include="3rdparty\Box2D\Dynamics\b2ContactManager.cpp">
      <Filter>Source Files</Filter>
    </ClCompile>
    <ClCompile Include="3rdparty\Box2D\Dynamics\b2Fixture.cpp">
      <Filter>Source Files</Filter>
    </ClCompile>
    <ClCompile Include="3rdparty\Box2D\Dynamics\b2Island.cpp">
      <Filter>Source Files</Filter>
    </ClCompile>
    <ClCompile Include="3rdparty\Box2D\Dynamics\b2World.cpp">
      <Filter>Source Files</Filter>
    </ClCompile>
    <ClCompile Include="3rdparty\Box2D\Dynamics\b2WorldCallbacks.cpp">
      <Filter>Source Files</Filter>
    </ClCompile>
    <ClCompile Include="3rdparty\Box2D\Rope\b2Rope.cpp">
      <Filter>Source Files</Filter>
    </ClCompile>
    <ClCompile Include="SDK\topdown\game\body_helper.cpp">
      <Filter>Source Files</Filter>
    </ClCompile>
    <ClCompile Include="SDK\topdown\systems\camera_system.cpp">
      <Filter>Source Files</Filter>
    </ClCompile>
    <ClCompile Include="SDK\topdown\systems\input_system.cpp">
      <Filter>Source Files</Filter>
    </ClCompile>
    <ClCompile Include="SDK\topdown\systems\physics_system.cpp">
      <Filter>Source Files</Filter>
    </ClCompile>
    <ClCompile Include="SDK\topdown\systems\render_system.cpp">
      <Filter>Source Files</Filter>
    </ClCompile>
    <ClCompile Include="SDK\topdown\main.cpp">
      <Filter>Source Files</Filter>
    </ClCompile>
    <ClCompile Include="SDK\topdown\renderable.cpp">
      <Filter>Source Files</Filter>
    </ClCompile>
    <ClCompile Include="SDK\topdown\systems\crosshair_system.cpp">
      <Filter>Source Files</Filter>
    </ClCompile>
    <ClCompile Include="SDK\topdown\systems\lookat_system.cpp">
      <Filter>Source Files</Filter>
    </ClCompile>
    <ClCompile Include="SDK\topdown\systems\movement_system.cpp">
      <Filter>Source Files</Filter>
    </ClCompile>
    <ClCompile Include="SDK\topdown\systems\chase_system.cpp">
      <Filter>Source Files</Filter>
    </ClCompile>
    <ClCompile Include="SDK\topdown\animation.cpp">
      <Filter>Source Files</Filter>
    </ClCompile>
    <ClCompile Include="SDK\topdown\systems\animation_system.cpp">
      <Filter>Source Files</Filter>
    </ClCompile>
    <ClCompile Include="SDK\topdown\systems\gun_system.cpp">
      <Filter>Source Files</Filter>
    </ClCompile>
    <ClCompile Include="SDK\topdown\systems\damage_system.cpp">
      <Filter>Source Files</Filter>
    </ClCompile>
    <ClCompile Include="SDK\topdown\systems\destroy_system.cpp">
      <Filter>Source Files</Filter>
    </ClCompile>
    <ClCompile Include="SDK\topdown\systems\particle_group_system.cpp">
      <Filter>Source Files</Filter>
    </ClCompile>
    <ClCompile Include="SDK\topdown\systems\particle_emitter_system.cpp">
      <Filter>Source Files</Filter>
    </ClCompile>
    <ClCompile Include="SDK\topdown\systems\health_system.cpp">
      <Filter>Source Files</Filter>
    </ClCompile>
    <ClCompile Include="entity_system\entity_ptr.cpp">
      <Filter>Source Files</Filter>
    </ClCompile>
    <ClCompile Include="3rdparty\lua\lapi.c">
      <Filter>Source Files</Filter>
    </ClCompile>
    <ClCompile Include="3rdparty\lua\lauxlib.c">
      <Filter>Source Files</Filter>
    </ClCompile>
    <ClCompile Include="3rdparty\lua\lbaselib.c">
      <Filter>Source Files</Filter>
    </ClCompile>
    <ClCompile Include="3rdparty\lua\lbitlib.c">
      <Filter>Source Files</Filter>
    </ClCompile>
    <ClCompile Include="3rdparty\lua\lcode.c">
      <Filter>Source Files</Filter>
    </ClCompile>
    <ClCompile Include="3rdparty\lua\lcorolib.c">
      <Filter>Source Files</Filter>
    </ClCompile>
    <ClCompile Include="3rdparty\lua\lctype.c">
      <Filter>Source Files</Filter>
    </ClCompile>
    <ClCompile Include="3rdparty\lua\ldblib.c">
      <Filter>Source Files</Filter>
    </ClCompile>
    <ClCompile Include="3rdparty\lua\ldebug.c">
      <Filter>Source Files</Filter>
    </ClCompile>
    <ClCompile Include="3rdparty\lua\ldo.c">
      <Filter>Source Files</Filter>
    </ClCompile>
    <ClCompile Include="3rdparty\lua\ldump.c">
      <Filter>Source Files</Filter>
    </ClCompile>
    <ClCompile Include="3rdparty\lua\lfunc.c">
      <Filter>Source Files</Filter>
    </ClCompile>
    <ClCompile Include="3rdparty\lua\lgc.c">
      <Filter>Source Files</Filter>
    </ClCompile>
    <ClCompile Include="3rdparty\lua\linit.c">
      <Filter>Source Files</Filter>
    </ClCompile>
    <ClCompile Include="3rdparty\lua\liolib.c">
      <Filter>Source Files</Filter>
    </ClCompile>
    <ClCompile Include="3rdparty\lua\llex.c">
      <Filter>Source Files</Filter>
    </ClCompile>
    <ClCompile Include="3rdparty\lua\lmathlib.c">
      <Filter>Source Files</Filter>
    </ClCompile>
    <ClCompile Include="3rdparty\lua\lmem.c">
      <Filter>Source Files</Filter>
    </ClCompile>
    <ClCompile Include="3rdparty\lua\loadlib.c">
      <Filter>Source Files</Filter>
    </ClCompile>
    <ClCompile Include="3rdparty\lua\lobject.c">
      <Filter>Source Files</Filter>
    </ClCompile>
    <ClCompile Include="3rdparty\lua\lopcodes.c">
      <Filter>Source Files</Filter>
    </ClCompile>
    <ClCompile Include="3rdparty\lua\loslib.c">
      <Filter>Source Files</Filter>
    </ClCompile>
    <ClCompile Include="3rdparty\lua\lparser.c">
      <Filter>Source Files</Filter>
    </ClCompile>
    <ClCompile Include="3rdparty\lua\lstate.c">
      <Filter>Source Files</Filter>
    </ClCompile>
    <ClCompile Include="3rdparty\lua\lstring.c">
      <Filter>Source Files</Filter>
    </ClCompile>
    <ClCompile Include="3rdparty\lua\lstrlib.c">
      <Filter>Source Files</Filter>
    </ClCompile>
    <ClCompile Include="3rdparty\lua\ltable.c">
      <Filter>Source Files</Filter>
    </ClCompile>
    <ClCompile Include="3rdparty\lua\ltablib.c">
      <Filter>Source Files</Filter>
    </ClCompile>
    <ClCompile Include="3rdparty\lua\ltm.c">
      <Filter>Source Files</Filter>
    </ClCompile>
    <ClCompile Include="3rdparty\lua\lundump.c">
      <Filter>Source Files</Filter>
    </ClCompile>
    <ClCompile Include="3rdparty\lua\lvm.c">
      <Filter>Source Files</Filter>
    </ClCompile>
    <ClCompile Include="3rdparty\lua\lzio.c">
      <Filter>Source Files</Filter>
    </ClCompile>
    <ClCompile Include="3rdparty\src\class.cpp">
      <Filter>Source Files</Filter>
    </ClCompile>
    <ClCompile Include="3rdparty\src\class_info.cpp">
      <Filter>Source Files</Filter>
    </ClCompile>
    <ClCompile Include="3rdparty\src\class_registry.cpp">
      <Filter>Source Files</Filter>
    </ClCompile>
    <ClCompile Include="3rdparty\src\class_rep.cpp">
      <Filter>Source Files</Filter>
    </ClCompile>
    <ClCompile Include="3rdparty\src\create_class.cpp">
      <Filter>Source Files</Filter>
    </ClCompile>
    <ClCompile Include="3rdparty\src\exception_handler.cpp">
      <Filter>Source Files</Filter>
    </ClCompile>
    <ClCompile Include="3rdparty\src\function.cpp">
      <Filter>Source Files</Filter>
    </ClCompile>
    <ClCompile Include="3rdparty\src\function_introspection.cpp">
      <Filter>Source Files</Filter>
    </ClCompile>
    <ClCompile Include="3rdparty\src\inheritance.cpp">
      <Filter>Source Files</Filter>
    </ClCompile>
    <ClCompile Include="3rdparty\src\link_compatibility.cpp">
      <Filter>Source Files</Filter>
    </ClCompile>
    <ClCompile Include="3rdparty\src\object_rep.cpp">
      <Filter>Source Files</Filter>
    </ClCompile>
    <ClCompile Include="3rdparty\src\open.cpp">
      <Filter>Source Files</Filter>
    </ClCompile>
    <ClCompile Include="3rdparty\src\operator.cpp">
      <Filter>Source Files</Filter>
    </ClCompile>
    <ClCompile Include="3rdparty\src\pcall.cpp">
      <Filter>Source Files</Filter>
    </ClCompile>
    <ClCompile Include="3rdparty\src\scope.cpp">
      <Filter>Source Files</Filter>
    </ClCompile>
    <ClCompile Include="3rdparty\src\set_package_preload.cpp">
      <Filter>Source Files</Filter>
    </ClCompile>
    <ClCompile Include="3rdparty\src\stack_content_by_name.cpp">
      <Filter>Source Files</Filter>
    </ClCompile>
    <ClCompile Include="3rdparty\src\weak_ref.cpp">
      <Filter>Source Files</Filter>
    </ClCompile>
    <ClCompile Include="3rdparty\src\wrapper_base.cpp">
      <Filter>Source Files</Filter>
    </ClCompile>
    <ClCompile Include="3rdparty\src\error_luabind.cpp">
      <Filter>Source Files</Filter>
    </ClCompile>
    <ClCompile Include="SDK\topdown\systems\script_system.cpp">
      <Filter>Source Files</Filter>
    </ClCompile>
    <ClCompile Include="SDK\topdown\script.cpp">
      <Filter>Source Files</Filter>
    </ClCompile>
  </ItemGroup>
  <ItemGroup>
    <ClInclude Include="config\config.h">
      <Filter>Header Files</Filter>
    </ClInclude>
    <ClInclude Include="entity_system\component.h">
      <Filter>Header Files</Filter>
    </ClInclude>
    <ClInclude Include="entity_system\signature_matcher.h">
      <Filter>Header Files</Filter>
    </ClInclude>
    <ClInclude Include="entity_system\templated_list.h">
      <Filter>Header Files</Filter>
    </ClInclude>
    <ClInclude Include="entity_system\type_registry.h">
      <Filter>Header Files</Filter>
    </ClInclude>
    <ClInclude Include="entity_system\world.h">
      <Filter>Header Files</Filter>
    </ClInclude>
    <ClInclude Include="error\error.h">
      <Filter>Header Files</Filter>
    </ClInclude>
    <ClInclude Include="texture_baker\font.h">
      <Filter>Header Files</Filter>
    </ClInclude>
    <ClInclude Include="texture_baker\image.h">
      <Filter>Header Files</Filter>
    </ClInclude>
    <ClInclude Include="texture_baker\rectpack.h">
      <Filter>Header Files</Filter>
    </ClInclude>
    <ClInclude Include="texture_baker\texture_baker.h">
      <Filter>Header Files</Filter>
    </ClInclude>
    <ClInclude Include="utility\stream.h">
      <Filter>Header Files</Filter>
    </ClInclude>
    <ClInclude Include="utility\timer.h">
      <Filter>Header Files</Filter>
    </ClInclude>
    <ClInclude Include="utility\value_animator.h">
      <Filter>Header Files</Filter>
    </ClInclude>
    <ClInclude Include="window_framework\event.h">
      <Filter>Header Files</Filter>
    </ClInclude>
    <ClInclude Include="window_framework\window.h">
      <Filter>Header Files</Filter>
    </ClInclude>
    <ClInclude Include="augmentations.h">
      <Filter>Header Files</Filter>
    </ClInclude>
    <ClInclude Include="options.h">
      <Filter>Header Files</Filter>
    </ClInclude>
    <ClInclude Include="entity_system\entity_system.h">
      <Filter>Header Files</Filter>
    </ClInclude>
    <ClInclude Include="entity_system\processing_system.h">
      <Filter>Header Files</Filter>
    </ClInclude>
    <ClInclude Include="utility\delta_accumulator.h">
      <Filter>Header Files</Filter>
    </ClInclude>
    <ClInclude Include="utility\input_context.h">
      <Filter>Header Files</Filter>
    </ClInclude>
    <ClInclude Include="graphics\pixel.h">
      <Filter>Header Files</Filter>
    </ClInclude>
    <ClInclude Include="math\rects.h">
      <Filter>Header Files</Filter>
    </ClInclude>
    <ClInclude Include="math\vec2d.h">
      <Filter>Header Files</Filter>
    </ClInclude>
    <ClInclude Include="3rdparty\Box2D\Collision\Shapes\b2ChainShape.h">
      <Filter>Header Files</Filter>
    </ClInclude>
    <ClInclude Include="3rdparty\Box2D\Collision\Shapes\b2CircleShape.h">
      <Filter>Header Files</Filter>
    </ClInclude>
    <ClInclude Include="3rdparty\Box2D\Collision\Shapes\b2EdgeShape.h">
      <Filter>Header Files</Filter>
    </ClInclude>
    <ClInclude Include="3rdparty\Box2D\Collision\Shapes\b2PolygonShape.h">
      <Filter>Header Files</Filter>
    </ClInclude>
    <ClInclude Include="3rdparty\Box2D\Collision\Shapes\b2Shape.h">
      <Filter>Header Files</Filter>
    </ClInclude>
    <ClInclude Include="3rdparty\Box2D\Collision\b2BroadPhase.h">
      <Filter>Header Files</Filter>
    </ClInclude>
    <ClInclude Include="3rdparty\Box2D\Collision\b2Collision.h">
      <Filter>Header Files</Filter>
    </ClInclude>
    <ClInclude Include="3rdparty\Box2D\Collision\b2Distance.h">
      <Filter>Header Files</Filter>
    </ClInclude>
    <ClInclude Include="3rdparty\Box2D\Collision\b2DynamicTree.h">
      <Filter>Header Files</Filter>
    </ClInclude>
    <ClInclude Include="3rdparty\Box2D\Collision\b2TimeOfImpact.h">
      <Filter>Header Files</Filter>
    </ClInclude>
    <ClInclude Include="3rdparty\Box2D\Common\b2BlockAllocator.h">
      <Filter>Header Files</Filter>
    </ClInclude>
    <ClInclude Include="3rdparty\Box2D\Common\b2Draw.h">
      <Filter>Header Files</Filter>
    </ClInclude>
    <ClInclude Include="3rdparty\Box2D\Common\b2GrowableStack.h">
      <Filter>Header Files</Filter>
    </ClInclude>
    <ClInclude Include="3rdparty\Box2D\Common\b2Math.h">
      <Filter>Header Files</Filter>
    </ClInclude>
    <ClInclude Include="3rdparty\Box2D\Common\b2Settings.h">
      <Filter>Header Files</Filter>
    </ClInclude>
    <ClInclude Include="3rdparty\Box2D\Common\b2StackAllocator.h">
      <Filter>Header Files</Filter>
    </ClInclude>
    <ClInclude Include="3rdparty\Box2D\Common\b2Timer.h">
      <Filter>Header Files</Filter>
    </ClInclude>
    <ClInclude Include="3rdparty\Box2D\Dynamics\Contacts\b2ChainAndCircleContact.h">
      <Filter>Header Files</Filter>
    </ClInclude>
    <ClInclude Include="3rdparty\Box2D\Dynamics\Contacts\b2ChainAndPolygonContact.h">
      <Filter>Header Files</Filter>
    </ClInclude>
    <ClInclude Include="3rdparty\Box2D\Dynamics\Contacts\b2CircleContact.h">
      <Filter>Header Files</Filter>
    </ClInclude>
    <ClInclude Include="3rdparty\Box2D\Dynamics\Contacts\b2Contact.h">
      <Filter>Header Files</Filter>
    </ClInclude>
    <ClInclude Include="3rdparty\Box2D\Dynamics\Contacts\b2ContactSolver.h">
      <Filter>Header Files</Filter>
    </ClInclude>
    <ClInclude Include="3rdparty\Box2D\Dynamics\Contacts\b2EdgeAndCircleContact.h">
      <Filter>Header Files</Filter>
    </ClInclude>
    <ClInclude Include="3rdparty\Box2D\Dynamics\Contacts\b2EdgeAndPolygonContact.h">
      <Filter>Header Files</Filter>
    </ClInclude>
    <ClInclude Include="3rdparty\Box2D\Dynamics\Contacts\b2PolygonAndCircleContact.h">
      <Filter>Header Files</Filter>
    </ClInclude>
    <ClInclude Include="3rdparty\Box2D\Dynamics\Contacts\b2PolygonContact.h">
      <Filter>Header Files</Filter>
    </ClInclude>
    <ClInclude Include="3rdparty\Box2D\Dynamics\Joints\b2DistanceJoint.h">
      <Filter>Header Files</Filter>
    </ClInclude>
    <ClInclude Include="3rdparty\Box2D\Dynamics\Joints\b2FrictionJoint.h">
      <Filter>Header Files</Filter>
    </ClInclude>
    <ClInclude Include="3rdparty\Box2D\Dynamics\Joints\b2GearJoint.h">
      <Filter>Header Files</Filter>
    </ClInclude>
    <ClInclude Include="3rdparty\Box2D\Dynamics\Joints\b2Joint.h">
      <Filter>Header Files</Filter>
    </ClInclude>
    <ClInclude Include="3rdparty\Box2D\Dynamics\Joints\b2MouseJoint.h">
      <Filter>Header Files</Filter>
    </ClInclude>
    <ClInclude Include="3rdparty\Box2D\Dynamics\Joints\b2PrismaticJoint.h">
      <Filter>Header Files</Filter>
    </ClInclude>
    <ClInclude Include="3rdparty\Box2D\Dynamics\Joints\b2PulleyJoint.h">
      <Filter>Header Files</Filter>
    </ClInclude>
    <ClInclude Include="3rdparty\Box2D\Dynamics\Joints\b2RevoluteJoint.h">
      <Filter>Header Files</Filter>
    </ClInclude>
    <ClInclude Include="3rdparty\Box2D\Dynamics\Joints\b2RopeJoint.h">
      <Filter>Header Files</Filter>
    </ClInclude>
    <ClInclude Include="3rdparty\Box2D\Dynamics\Joints\b2WeldJoint.h">
      <Filter>Header Files</Filter>
    </ClInclude>
    <ClInclude Include="3rdparty\Box2D\Dynamics\Joints\b2WheelJoint.h">
      <Filter>Header Files</Filter>
    </ClInclude>
    <ClInclude Include="3rdparty\Box2D\Dynamics\b2Body.h">
      <Filter>Header Files</Filter>
    </ClInclude>
    <ClInclude Include="3rdparty\Box2D\Dynamics\b2ContactManager.h">
      <Filter>Header Files</Filter>
    </ClInclude>
    <ClInclude Include="3rdparty\Box2D\Dynamics\b2Fixture.h">
      <Filter>Header Files</Filter>
    </ClInclude>
    <ClInclude Include="3rdparty\Box2D\Dynamics\b2Island.h">
      <Filter>Header Files</Filter>
    </ClInclude>
    <ClInclude Include="3rdparty\Box2D\Dynamics\b2TimeStep.h">
      <Filter>Header Files</Filter>
    </ClInclude>
    <ClInclude Include="3rdparty\Box2D\Dynamics\b2World.h">
      <Filter>Header Files</Filter>
    </ClInclude>
    <ClInclude Include="3rdparty\Box2D\Dynamics\b2WorldCallbacks.h">
      <Filter>Header Files</Filter>
    </ClInclude>
    <ClInclude Include="3rdparty\Box2D\Rope\b2Rope.h">
      <Filter>Header Files</Filter>
    </ClInclude>
    <ClInclude Include="3rdparty\Box2D\Box2D.h">
      <Filter>Header Files</Filter>
    </ClInclude>
    <ClInclude Include="SDK\topdown\components\camera_component.h">
      <Filter>Header Files</Filter>
    </ClInclude>
    <ClInclude Include="SDK\topdown\components\input_component.h">
      <Filter>Header Files</Filter>
    </ClInclude>
    <ClInclude Include="SDK\topdown\components\physics_component.h">
      <Filter>Header Files</Filter>
    </ClInclude>
    <ClInclude Include="SDK\topdown\components\render_component.h">
      <Filter>Header Files</Filter>
    </ClInclude>
    <ClInclude Include="SDK\topdown\components\transform_component.h">
      <Filter>Header Files</Filter>
    </ClInclude>
    <ClInclude Include="SDK\topdown\game\body_helper.h">
      <Filter>Header Files</Filter>
    </ClInclude>
    <ClInclude Include="SDK\topdown\messages\collision_message.h">
      <Filter>Header Files</Filter>
    </ClInclude>
    <ClInclude Include="SDK\topdown\messages\message.h">
      <Filter>Header Files</Filter>
    </ClInclude>
    <ClInclude Include="SDK\topdown\systems\camera_system.h">
      <Filter>Header Files</Filter>
    </ClInclude>
    <ClInclude Include="SDK\topdown\systems\input_system.h">
      <Filter>Header Files</Filter>
    </ClInclude>
    <ClInclude Include="SDK\topdown\systems\physics_system.h">
      <Filter>Header Files</Filter>
    </ClInclude>
    <ClInclude Include="SDK\topdown\systems\render_system.h">
      <Filter>Header Files</Filter>
    </ClInclude>
    <ClInclude Include="SDK\topdown\renderable.h">
      <Filter>Header Files</Filter>
    </ClInclude>
    <ClInclude Include="SDK\topdown\messages\intent_message.h">
      <Filter>Header Files</Filter>
    </ClInclude>
    <ClInclude Include="utility\sorted_vector.h">
      <Filter>Header Files</Filter>
    </ClInclude>
    <ClInclude Include="SDK\topdown\components\crosshair_component.h">
      <Filter>Header Files</Filter>
    </ClInclude>
    <ClInclude Include="SDK\topdown\systems\crosshair_system.h">
      <Filter>Header Files</Filter>
    </ClInclude>
    <ClInclude Include="SDK\topdown\messages\moved_message.h">
      <Filter>Header Files</Filter>
    </ClInclude>
    <ClInclude Include="SDK\topdown\components\lookat_component.h">
      <Filter>Header Files</Filter>
    </ClInclude>
    <ClInclude Include="SDK\topdown\systems\lookat_system.h">
      <Filter>Header Files</Filter>
    </ClInclude>
    <ClInclude Include="SDK\topdown\systems\movement_system.h">
      <Filter>Header Files</Filter>
    </ClInclude>
    <ClInclude Include="SDK\topdown\components\movement_component.h">
      <Filter>Header Files</Filter>
    </ClInclude>
    <ClInclude Include="SDK\topdown\components\chase_component.h">
      <Filter>Header Files</Filter>
    </ClInclude>
    <ClInclude Include="SDK\topdown\systems\chase_system.h">
      <Filter>Header Files</Filter>
    </ClInclude>
    <ClInclude Include="SDK\topdown\messages\animate_message.h">
      <Filter>Header Files</Filter>
    </ClInclude>
    <ClInclude Include="SDK\topdown\components\animate_component.h">
      <Filter>Header Files</Filter>
    </ClInclude>
    <ClInclude Include="SDK\topdown\animation.h">
      <Filter>Header Files</Filter>
    </ClInclude>
    <ClInclude Include="SDK\topdown\systems\animation_system.h">
      <Filter>Header Files</Filter>
    </ClInclude>
    <ClInclude Include="SDK\topdown\vertex.h">
      <Filter>Header Files</Filter>
    </ClInclude>
    <ClInclude Include="SDK\topdown\components\gun_component.h">
      <Filter>Header Files</Filter>
    </ClInclude>
    <ClInclude Include="SDK\topdown\systems\gun_system.h">
      <Filter>Header Files</Filter>
    </ClInclude>
    <ClInclude Include="SDK\topdown\components\damage_component.h">
      <Filter>Header Files</Filter>
    </ClInclude>
    <ClInclude Include="SDK\topdown\messages\destroy_message.h">
      <Filter>Header Files</Filter>
    </ClInclude>
    <ClInclude Include="SDK\topdown\systems\damage_system.h">
      <Filter>Header Files</Filter>
    </ClInclude>
    <ClInclude Include="SDK\topdown\systems\destroy_system.h">
      <Filter>Header Files</Filter>
    </ClInclude>
    <ClInclude Include="SDK\topdown\components\particle_group_component.h">
      <Filter>Header Files</Filter>
    </ClInclude>
    <ClInclude Include="SDK\topdown\systems\particle_group_system.h">
      <Filter>Header Files</Filter>
    </ClInclude>
    <ClInclude Include="SDK\topdown\components\particle_emitter_component.h">
      <Filter>Header Files</Filter>
    </ClInclude>
    <ClInclude Include="SDK\topdown\messages\particle_burst_message.h">
      <Filter>Header Files</Filter>
    </ClInclude>
    <ClInclude Include="SDK\topdown\systems\particle_emitter_system.h">
      <Filter>Header Files</Filter>
    </ClInclude>
    <ClInclude Include="SDK\topdown\components\health_component.h">
      <Filter>Header Files</Filter>
    </ClInclude>
    <ClInclude Include="SDK\topdown\systems\health_system.h">
      <Filter>Header Files</Filter>
    </ClInclude>
    <ClInclude Include="SDK\topdown\messages\damage_message.h">
      <Filter>Header Files</Filter>
    </ClInclude>
    <ClInclude Include="SDK\topdown\components\children_component.h">
      <Filter>Header Files</Filter>
    </ClInclude>
    <ClInclude Include="entity_system\entity_ptr.h">
      <Filter>Header Files</Filter>
    </ClInclude>
    <ClInclude Include="3rdparty\lua\lapi.h">
      <Filter>Header Files</Filter>
    </ClInclude>
    <ClInclude Include="3rdparty\lua\lauxlib.h">
      <Filter>Header Files</Filter>
    </ClInclude>
    <ClInclude Include="3rdparty\lua\lcode.h">
      <Filter>Header Files</Filter>
    </ClInclude>
    <ClInclude Include="3rdparty\lua\lctype.h">
      <Filter>Header Files</Filter>
    </ClInclude>
    <ClInclude Include="3rdparty\lua\ldebug.h">
      <Filter>Header Files</Filter>
    </ClInclude>
    <ClInclude Include="3rdparty\lua\ldo.h">
      <Filter>Header Files</Filter>
    </ClInclude>
    <ClInclude Include="3rdparty\lua\lfunc.h">
      <Filter>Header Files</Filter>
    </ClInclude>
    <ClInclude Include="3rdparty\lua\lgc.h">
      <Filter>Header Files</Filter>
    </ClInclude>
    <ClInclude Include="3rdparty\lua\llex.h">
      <Filter>Header Files</Filter>
    </ClInclude>
    <ClInclude Include="3rdparty\lua\llimits.h">
      <Filter>Header Files</Filter>
    </ClInclude>
    <ClInclude Include="3rdparty\lua\lmem.h">
      <Filter>Header Files</Filter>
    </ClInclude>
    <ClInclude Include="3rdparty\lua\lobject.h">
      <Filter>Header Files</Filter>
    </ClInclude>
    <ClInclude Include="3rdparty\lua\lopcodes.h">
      <Filter>Header Files</Filter>
    </ClInclude>
    <ClInclude Include="3rdparty\lua\lparser.h">
      <Filter>Header Files</Filter>
    </ClInclude>
    <ClInclude Include="3rdparty\lua\lstate.h">
      <Filter>Header Files</Filter>
    </ClInclude>
    <ClInclude Include="3rdparty\lua\lstring.h">
      <Filter>Header Files</Filter>
    </ClInclude>
    <ClInclude Include="3rdparty\lua\ltable.h">
      <Filter>Header Files</Filter>
    </ClInclude>
    <ClInclude Include="3rdparty\lua\ltm.h">
      <Filter>Header Files</Filter>
    </ClInclude>
    <ClInclude Include="3rdparty\lua\lua.h">
      <Filter>Header Files</Filter>
    </ClInclude>
    <ClInclude Include="3rdparty\lua\lua.hpp">
      <Filter>Header Files</Filter>
    </ClInclude>
    <ClInclude Include="3rdparty\lua\luaconf.h">
      <Filter>Header Files</Filter>
    </ClInclude>
    <ClInclude Include="3rdparty\lua\lualib.h">
      <Filter>Header Files</Filter>
    </ClInclude>
    <ClInclude Include="3rdparty\lua\lundump.h">
      <Filter>Header Files</Filter>
    </ClInclude>
    <ClInclude Include="3rdparty\lua\lvm.h">
      <Filter>Header Files</Filter>
    </ClInclude>
    <ClInclude Include="3rdparty\lua\lzio.h">
      <Filter>Header Files</Filter>
    </ClInclude>
    <ClInclude Include="3rdparty\luabind\detail\call.hpp">
      <Filter>Header Files</Filter>
    </ClInclude>
    <ClInclude Include="3rdparty\luabind\detail\call_function.hpp">
      <Filter>Header Files</Filter>
    </ClInclude>
    <ClInclude Include="3rdparty\luabind\detail\call_member.hpp">
      <Filter>Header Files</Filter>
    </ClInclude>
    <ClInclude Include="3rdparty\luabind\detail\call_operator_iterate.hpp">
      <Filter>Header Files</Filter>
    </ClInclude>
    <ClInclude Include="3rdparty\luabind\detail\class_registry.hpp">
      <Filter>Header Files</Filter>
    </ClInclude>
    <ClInclude Include="3rdparty\luabind\detail\class_rep.hpp">
      <Filter>Header Files</Filter>
    </ClInclude>
    <ClInclude Include="3rdparty\luabind\detail\constructor.hpp">
      <Filter>Header Files</Filter>
    </ClInclude>
    <ClInclude Include="3rdparty\luabind\detail\conversion_storage.hpp">
      <Filter>Header Files</Filter>
    </ClInclude>
    <ClInclude Include="3rdparty\luabind\detail\convert_to_lua.hpp">
      <Filter>Header Files</Filter>
    </ClInclude>
    <ClInclude Include="3rdparty\luabind\detail\debug.hpp">
      <Filter>Header Files</Filter>
    </ClInclude>
    <ClInclude Include="3rdparty\luabind\detail\decorate_type.hpp">
      <Filter>Header Files</Filter>
    </ClInclude>
    <ClInclude Include="3rdparty\luabind\detail\deduce_signature.hpp">
      <Filter>Header Files</Filter>
    </ClInclude>
    <ClInclude Include="3rdparty\luabind\detail\enum_maker.hpp">
      <Filter>Header Files</Filter>
    </ClInclude>
    <ClInclude Include="3rdparty\luabind\detail\format_signature.hpp">
      <Filter>Header Files</Filter>
    </ClInclude>
    <ClInclude Include="3rdparty\luabind\detail\garbage_collector.hpp">
      <Filter>Header Files</Filter>
    </ClInclude>
    <ClInclude Include="3rdparty\luabind\detail\has_get_pointer.hpp">
      <Filter>Header Files</Filter>
    </ClInclude>
    <ClInclude Include="3rdparty\luabind\detail\inheritance.hpp">
      <Filter>Header Files</Filter>
    </ClInclude>
    <ClInclude Include="3rdparty\luabind\detail\instance_holder.hpp">
      <Filter>Header Files</Filter>
    </ClInclude>
    <ClInclude Include="3rdparty\luabind\detail\link_compatibility.hpp">
      <Filter>Header Files</Filter>
    </ClInclude>
    <ClInclude Include="3rdparty\luabind\detail\make_instance.hpp">
      <Filter>Header Files</Filter>
    </ClInclude>
    <ClInclude Include="3rdparty\luabind\detail\most_derived.hpp">
      <Filter>Header Files</Filter>
    </ClInclude>
    <ClInclude Include="3rdparty\luabind\detail\object.hpp">
      <Filter>Header Files</Filter>
    </ClInclude>
    <ClInclude Include="3rdparty\luabind\detail\object_call.hpp">
      <Filter>Header Files</Filter>
    </ClInclude>
    <ClInclude Include="3rdparty\luabind\detail\object_rep.hpp">
      <Filter>Header Files</Filter>
    </ClInclude>
    <ClInclude Include="3rdparty\luabind\detail\open.hpp">
      <Filter>Header Files</Filter>
    </ClInclude>
    <ClInclude Include="3rdparty\luabind\detail\operator_id.hpp">
      <Filter>Header Files</Filter>
    </ClInclude>
    <ClInclude Include="3rdparty\luabind\detail\other.hpp">
      <Filter>Header Files</Filter>
    </ClInclude>
    <ClInclude Include="3rdparty\luabind\detail\pcall.hpp">
      <Filter>Header Files</Filter>
    </ClInclude>
    <ClInclude Include="3rdparty\luabind\detail\pointee_sizeof.hpp">
      <Filter>Header Files</Filter>
    </ClInclude>
    <ClInclude Include="3rdparty\luabind\detail\pointee_typeid.hpp">
      <Filter>Header Files</Filter>
    </ClInclude>
    <ClInclude Include="3rdparty\luabind\detail\policy.hpp">
      <Filter>Header Files</Filter>
    </ClInclude>
    <ClInclude Include="3rdparty\luabind\detail\primitives.hpp">
      <Filter>Header Files</Filter>
    </ClInclude>
    <ClInclude Include="3rdparty\luabind\detail\property.hpp">
      <Filter>Header Files</Filter>
    </ClInclude>
    <ClInclude Include="3rdparty\luabind\detail\ref.hpp">
      <Filter>Header Files</Filter>
    </ClInclude>
    <ClInclude Include="3rdparty\luabind\detail\signature_match.hpp">
      <Filter>Header Files</Filter>
    </ClInclude>
    <ClInclude Include="3rdparty\luabind\detail\stack_utils.hpp">
      <Filter>Header Files</Filter>
    </ClInclude>
    <ClInclude Include="3rdparty\luabind\detail\typetraits.hpp">
      <Filter>Header Files</Filter>
    </ClInclude>
    <ClInclude Include="3rdparty\luabind\detail\yes_no.hpp">
      <Filter>Header Files</Filter>
    </ClInclude>
    <ClInclude Include="3rdparty\luabind\adopt_policy.hpp">
      <Filter>Header Files</Filter>
    </ClInclude>
    <ClInclude Include="3rdparty\luabind\back_reference.hpp">
      <Filter>Header Files</Filter>
    </ClInclude>
    <ClInclude Include="3rdparty\luabind\back_reference_fwd.hpp">
      <Filter>Header Files</Filter>
    </ClInclude>
    <ClInclude Include="3rdparty\luabind\class.hpp">
      <Filter>Header Files</Filter>
    </ClInclude>
    <ClInclude Include="3rdparty\luabind\class_info.hpp">
      <Filter>Header Files</Filter>
    </ClInclude>
    <ClInclude Include="3rdparty\luabind\config.hpp">
      <Filter>Header Files</Filter>
    </ClInclude>
    <ClInclude Include="3rdparty\luabind\container_policy.hpp">
      <Filter>Header Files</Filter>
    </ClInclude>
    <ClInclude Include="3rdparty\luabind\copy_policy.hpp">
      <Filter>Header Files</Filter>
    </ClInclude>
    <ClInclude Include="3rdparty\luabind\dependency_policy.hpp">
      <Filter>Header Files</Filter>
    </ClInclude>
    <ClInclude Include="3rdparty\luabind\discard_result_policy.hpp">
      <Filter>Header Files</Filter>
    </ClInclude>
    <ClInclude Include="3rdparty\luabind\error.hpp">
      <Filter>Header Files</Filter>
    </ClInclude>
    <ClInclude Include="3rdparty\luabind\error_callback_fun.hpp">
      <Filter>Header Files</Filter>
    </ClInclude>
    <ClInclude Include="3rdparty\luabind\exception_handler.hpp">
      <Filter>Header Files</Filter>
    </ClInclude>
    <ClInclude Include="3rdparty\luabind\from_stack.hpp">
      <Filter>Header Files</Filter>
    </ClInclude>
    <ClInclude Include="3rdparty\luabind\function.hpp">
      <Filter>Header Files</Filter>
    </ClInclude>
    <ClInclude Include="3rdparty\luabind\function_introspection.hpp">
      <Filter>Header Files</Filter>
    </ClInclude>
    <ClInclude Include="3rdparty\luabind\get_main_thread.hpp">
      <Filter>Header Files</Filter>
    </ClInclude>
    <ClInclude Include="3rdparty\luabind\get_pointer.hpp">
      <Filter>Header Files</Filter>
    </ClInclude>
    <ClInclude Include="3rdparty\luabind\handle.hpp">
      <Filter>Header Files</Filter>
    </ClInclude>
    <ClInclude Include="3rdparty\luabind\iterator_policy.hpp">
      <Filter>Header Files</Filter>
    </ClInclude>
    <ClInclude Include="3rdparty\luabind\lua_include.hpp">
      <Filter>Header Files</Filter>
    </ClInclude>
    <ClInclude Include="3rdparty\luabind\lua_state_fwd.hpp">
      <Filter>Header Files</Filter>
    </ClInclude>
    <ClInclude Include="3rdparty\luabind\luabind.hpp">
      <Filter>Header Files</Filter>
    </ClInclude>
    <ClInclude Include="3rdparty\luabind\make_function.hpp">
      <Filter>Header Files</Filter>
    </ClInclude>
    <ClInclude Include="3rdparty\luabind\nil.hpp">
      <Filter>Header Files</Filter>
    </ClInclude>
    <ClInclude Include="3rdparty\luabind\no_dependency.hpp">
      <Filter>Header Files</Filter>
    </ClInclude>
    <ClInclude Include="3rdparty\luabind\object.hpp">
      <Filter>Header Files</Filter>
    </ClInclude>
    <ClInclude Include="3rdparty\luabind\open.hpp">
      <Filter>Header Files</Filter>
    </ClInclude>
    <ClInclude Include="3rdparty\luabind\operator.hpp">
      <Filter>Header Files</Filter>
    </ClInclude>
    <ClInclude Include="3rdparty\luabind\out_value_policy.hpp">
      <Filter>Header Files</Filter>
    </ClInclude>
    <ClInclude Include="3rdparty\luabind\prefix.hpp">
      <Filter>Header Files</Filter>
    </ClInclude>
    <ClInclude Include="3rdparty\luabind\raw_policy.hpp">
      <Filter>Header Files</Filter>
    </ClInclude>
    <ClInclude Include="3rdparty\luabind\return_reference_to_policy.hpp">
      <Filter>Header Files</Filter>
    </ClInclude>
    <ClInclude Include="3rdparty\luabind\scope.hpp">
      <Filter>Header Files</Filter>
    </ClInclude>
    <ClInclude Include="3rdparty\luabind\set_package_preload.hpp">
      <Filter>Header Files</Filter>
    </ClInclude>
    <ClInclude Include="3rdparty\luabind\shared_ptr_converter.hpp">
      <Filter>Header Files</Filter>
    </ClInclude>
    <ClInclude Include="3rdparty\luabind\std_shared_ptr_converter.hpp">
      <Filter>Header Files</Filter>
    </ClInclude>
    <ClInclude Include="3rdparty\luabind\tag_function.hpp">
      <Filter>Header Files</Filter>
    </ClInclude>
    <ClInclude Include="3rdparty\luabind\typeid.hpp">
      <Filter>Header Files</Filter>
    </ClInclude>
    <ClInclude Include="3rdparty\luabind\value_wrapper.hpp">
      <Filter>Header Files</Filter>
    </ClInclude>
    <ClInclude Include="3rdparty\luabind\version.hpp">
      <Filter>Header Files</Filter>
    </ClInclude>
    <ClInclude Include="3rdparty\luabind\weak_ref.hpp">
      <Filter>Header Files</Filter>
    </ClInclude>
    <ClInclude Include="3rdparty\luabind\wrapper_base.hpp">
      <Filter>Header Files</Filter>
    </ClInclude>
    <ClInclude Include="3rdparty\luabind\yield_policy.hpp">
      <Filter>Header Files</Filter>
    </ClInclude>
    <ClInclude Include="SDK\topdown\systems\script_system.h">
      <Filter>Header Files</Filter>
    </ClInclude>
    <ClInclude Include="SDK\topdown\components\scriptable_component.h">
      <Filter>Header Files</Filter>
    </ClInclude>
    <ClInclude Include="SDK\topdown\script.h">
      <Filter>Header Files</Filter>
    </ClInclude>
    <ClInclude Include="entity_system\entity.h">
      <Filter>Header Files</Filter>
    </ClInclude>
  </ItemGroup>
</Project>