<?xml version="1.0" encoding="utf-8"?>
<Project ToolsVersion="4.0" xmlns="http://schemas.microsoft.com/developer/msbuild/2003">
  <ItemGroup>
    <Filter Include="Source Files">
      <UniqueIdentifier>{4FC737F1-C7A5-4376-A066-2A32D752A2FF}</UniqueIdentifier>
      <Extensions>cpp;c;cc;cxx;def;odl;idl;hpj;bat;asm;asmx</Extensions>
    </Filter>
    <Filter Include="Header Files">
      <UniqueIdentifier>{93995380-89BD-4b04-88EB-625FBE52EBFB}</UniqueIdentifier>
      <Extensions>h;hpp;hxx;hm;inl;inc;xsd</Extensions>
    </Filter>
    <Filter Include="Resource Files">
      <UniqueIdentifier>{67DA6AB6-F800-4c08-8B7A-83BB121AAD01}</UniqueIdentifier>
      <Extensions>rc;ico;cur;bmp;dlg;rc2;rct;bin;rgs;gif;jpg;jpeg;jpe;resx;tiff;tif;png;wav;mfcribbon-ms</Extensions>
    </Filter>
  </ItemGroup>
  <ItemGroup>
    <ClCompile Include="3rdparty\Box2D\Common\b2BlockAllocator.cpp">
      <Filter>Source Files</Filter>
    </ClCompile>
    <ClCompile Include="3rdparty\Box2D\Common\b2Draw.cpp">
      <Filter>Source Files</Filter>
    </ClCompile>
    <ClCompile Include="3rdparty\Box2D\Common\b2Math.cpp">
      <Filter>Source Files</Filter>
    </ClCompile>
    <ClCompile Include="3rdparty\Box2D\Common\b2Settings.cpp">
      <Filter>Source Files</Filter>
    </ClCompile>
    <ClCompile Include="3rdparty\Box2D\Common\b2StackAllocator.cpp">
      <Filter>Source Files</Filter>
    </ClCompile>
    <ClCompile Include="3rdparty\Box2D\Common\b2Timer.cpp">
      <Filter>Source Files</Filter>
    </ClCompile>
    <ClCompile Include="3rdparty\Box2D\Dynamics\Contacts\b2ChainAndCircleContact.cpp">
      <Filter>Source Files</Filter>
    </ClCompile>
    <ClCompile Include="3rdparty\Box2D\Dynamics\Contacts\b2ChainAndPolygonContact.cpp">
      <Filter>Source Files</Filter>
    </ClCompile>
    <ClCompile Include="3rdparty\Box2D\Dynamics\Contacts\b2CircleContact.cpp">
      <Filter>Source Files</Filter>
    </ClCompile>
    <ClCompile Include="3rdparty\Box2D\Dynamics\Contacts\b2Contact.cpp">
      <Filter>Source Files</Filter>
    </ClCompile>
    <ClCompile Include="3rdparty\Box2D\Dynamics\Contacts\b2ContactSolver.cpp">
      <Filter>Source Files</Filter>
    </ClCompile>
    <ClCompile Include="3rdparty\Box2D\Dynamics\Contacts\b2EdgeAndCircleContact.cpp">
      <Filter>Source Files</Filter>
    </ClCompile>
    <ClCompile Include="3rdparty\Box2D\Dynamics\Contacts\b2EdgeAndPolygonContact.cpp">
      <Filter>Source Files</Filter>
    </ClCompile>
    <ClCompile Include="3rdparty\Box2D\Dynamics\Contacts\b2PolygonAndCircleContact.cpp">
      <Filter>Source Files</Filter>
    </ClCompile>
    <ClCompile Include="3rdparty\Box2D\Dynamics\Contacts\b2PolygonContact.cpp">
      <Filter>Source Files</Filter>
    </ClCompile>
    <ClCompile Include="3rdparty\Box2D\Dynamics\Joints\b2DistanceJoint.cpp">
      <Filter>Source Files</Filter>
    </ClCompile>
    <ClCompile Include="3rdparty\Box2D\Dynamics\Joints\b2FrictionJoint.cpp">
      <Filter>Source Files</Filter>
    </ClCompile>
    <ClCompile Include="3rdparty\Box2D\Dynamics\Joints\b2GearJoint.cpp">
      <Filter>Source Files</Filter>
    </ClCompile>
    <ClCompile Include="3rdparty\Box2D\Dynamics\Joints\b2Joint.cpp">
      <Filter>Source Files</Filter>
    </ClCompile>
    <ClCompile Include="3rdparty\Box2D\Dynamics\Joints\b2MouseJoint.cpp">
      <Filter>Source Files</Filter>
    </ClCompile>
    <ClCompile Include="3rdparty\Box2D\Dynamics\Joints\b2PrismaticJoint.cpp">
      <Filter>Source Files</Filter>
    </ClCompile>
    <ClCompile Include="3rdparty\Box2D\Dynamics\Joints\b2PulleyJoint.cpp">
      <Filter>Source Files</Filter>
    </ClCompile>
    <ClCompile Include="3rdparty\Box2D\Dynamics\Joints\b2RevoluteJoint.cpp">
      <Filter>Source Files</Filter>
    </ClCompile>
    <ClCompile Include="3rdparty\Box2D\Dynamics\Joints\b2RopeJoint.cpp">
      <Filter>Source Files</Filter>
    </ClCompile>
    <ClCompile Include="3rdparty\Box2D\Dynamics\Joints\b2WeldJoint.cpp">
      <Filter>Source Files</Filter>
    </ClCompile>
    <ClCompile Include="3rdparty\Box2D\Dynamics\Joints\b2WheelJoint.cpp">
      <Filter>Source Files</Filter>
    </ClCompile>
    <ClCompile Include="3rdparty\Box2D\Dynamics\b2Body.cpp">
      <Filter>Source Files</Filter>
    </ClCompile>
    <ClCompile Include="3rdparty\Box2D\Dynamics\b2ContactManager.cpp">
      <Filter>Source Files</Filter>
    </ClCompile>
    <ClCompile Include="3rdparty\Box2D\Dynamics\b2Fixture.cpp">
      <Filter>Source Files</Filter>
    </ClCompile>
    <ClCompile Include="3rdparty\Box2D\Dynamics\b2Island.cpp">
      <Filter>Source Files</Filter>
    </ClCompile>
    <ClCompile Include="3rdparty\Box2D\Dynamics\b2World.cpp">
      <Filter>Source Files</Filter>
    </ClCompile>
    <ClCompile Include="3rdparty\Box2D\Dynamics\b2WorldCallbacks.cpp">
      <Filter>Source Files</Filter>
    </ClCompile>
    <ClCompile Include="3rdparty\Box2D\Rope\b2Rope.cpp">
      <Filter>Source Files</Filter>
    </ClCompile>
    <ClCompile Include="3rdparty\src\class.cpp">
      <Filter>Source Files</Filter>
    </ClCompile>
    <ClCompile Include="3rdparty\src\class_info.cpp">
      <Filter>Source Files</Filter>
    </ClCompile>
    <ClCompile Include="3rdparty\src\class_registry.cpp">
      <Filter>Source Files</Filter>
    </ClCompile>
    <ClCompile Include="3rdparty\src\class_rep.cpp">
      <Filter>Source Files</Filter>
    </ClCompile>
    <ClCompile Include="3rdparty\src\create_class.cpp">
      <Filter>Source Files</Filter>
    </ClCompile>
    <ClCompile Include="3rdparty\src\exception_handler.cpp">
      <Filter>Source Files</Filter>
    </ClCompile>
    <ClCompile Include="3rdparty\src\function.cpp">
      <Filter>Source Files</Filter>
    </ClCompile>
    <ClCompile Include="3rdparty\src\function_introspection.cpp">
      <Filter>Source Files</Filter>
    </ClCompile>
    <ClCompile Include="3rdparty\src\inheritance.cpp">
      <Filter>Source Files</Filter>
    </ClCompile>
    <ClCompile Include="3rdparty\src\link_compatibility.cpp">
      <Filter>Source Files</Filter>
    </ClCompile>
    <ClCompile Include="3rdparty\src\object_rep.cpp">
      <Filter>Source Files</Filter>
    </ClCompile>
    <ClCompile Include="3rdparty\src\open.cpp">
      <Filter>Source Files</Filter>
    </ClCompile>
    <ClCompile Include="3rdparty\src\operator.cpp">
      <Filter>Source Files</Filter>
    </ClCompile>
    <ClCompile Include="3rdparty\src\pcall.cpp">
      <Filter>Source Files</Filter>
    </ClCompile>
    <ClCompile Include="3rdparty\src\scope.cpp">
      <Filter>Source Files</Filter>
    </ClCompile>
    <ClCompile Include="3rdparty\src\set_package_preload.cpp">
      <Filter>Source Files</Filter>
    </ClCompile>
    <ClCompile Include="3rdparty\src\stack_content_by_name.cpp">
      <Filter>Source Files</Filter>
    </ClCompile>
    <ClCompile Include="3rdparty\src\weak_ref.cpp">
      <Filter>Source Files</Filter>
    </ClCompile>
    <ClCompile Include="3rdparty\src\wrapper_base.cpp">
      <Filter>Source Files</Filter>
    </ClCompile>
    <ClCompile Include="3rdparty\src\error_luabind.cpp">
      <Filter>Source Files</Filter>
    </ClCompile>
    <ClCompile Include="3rdparty\readdir\ReadDirectoryChanges.cpp">
      <Filter>Source Files</Filter>
    </ClCompile>
    <ClCompile Include="3rdparty\readdir\ReadDirectoryChangesPrivate.cpp">
      <Filter>Source Files</Filter>
    </ClCompile>
    <ClCompile Include="stdafx.cpp">
      <Filter>Source Files</Filter>
    </ClCompile>
    <ClCompile Include="3rdparty\readdir\_stdafx.cpp">
      <Filter>Source Files</Filter>
    </ClCompile>
    <ClCompile Include="3rdparty\Box2D\Collision\Shapes\b2ChainShape.cpp">
      <Filter>Source Files</Filter>
    </ClCompile>
    <ClCompile Include="3rdparty\Box2D\Collision\Shapes\b2CircleShape.cpp">
      <Filter>Source Files</Filter>
    </ClCompile>
    <ClCompile Include="3rdparty\Box2D\Collision\Shapes\b2EdgeShape.cpp">
      <Filter>Source Files</Filter>
    </ClCompile>
    <ClCompile Include="3rdparty\Box2D\Collision\Shapes\b2PolygonShape.cpp">
      <Filter>Source Files</Filter>
    </ClCompile>
    <ClCompile Include="3rdparty\Box2D\Collision\b2BroadPhase.cpp">
      <Filter>Source Files</Filter>
    </ClCompile>
    <ClCompile Include="3rdparty\Box2D\Collision\b2CollideCircle.cpp">
      <Filter>Source Files</Filter>
    </ClCompile>
    <ClCompile Include="3rdparty\Box2D\Collision\b2CollideEdge.cpp">
      <Filter>Source Files</Filter>
    </ClCompile>
    <ClCompile Include="3rdparty\Box2D\Collision\b2CollidePolygon.cpp">
      <Filter>Source Files</Filter>
    </ClCompile>
    <ClCompile Include="3rdparty\Box2D\Collision\b2Collision.cpp">
      <Filter>Source Files</Filter>
    </ClCompile>
    <ClCompile Include="3rdparty\Box2D\Collision\b2Distance.cpp">
      <Filter>Source Files</Filter>
    </ClCompile>
    <ClCompile Include="3rdparty\Box2D\Collision\b2DynamicTree.cpp">
      <Filter>Source Files</Filter>
    </ClCompile>
    <ClCompile Include="3rdparty\Box2D\Collision\b2TimeOfImpact.cpp">
      <Filter>Source Files</Filter>
    </ClCompile>
    <ClCompile Include="3rdparty\polypartition\polypartition.cpp">
      <Filter>Source Files</Filter>
    </ClCompile>
    <ClCompile Include="3rdparty\gtest\src\gtest.cc">
      <Filter>Source Files</Filter>
    </ClCompile>
    <ClCompile Include="3rdparty\gtest\src\gtest-death-test.cc">
      <Filter>Source Files</Filter>
    </ClCompile>
    <ClCompile Include="3rdparty\gtest\src\gtest-filepath.cc">
      <Filter>Source Files</Filter>
    </ClCompile>
    <ClCompile Include="3rdparty\gtest\src\gtest-port.cc">
      <Filter>Source Files</Filter>
    </ClCompile>
    <ClCompile Include="3rdparty\gtest\src\gtest-printers.cc">
      <Filter>Source Files</Filter>
    </ClCompile>
    <ClCompile Include="3rdparty\gtest\src\gtest-test-part.cc">
      <Filter>Source Files</Filter>
    </ClCompile>
    <ClCompile Include="3rdparty\gtest\src\gtest-typed-test.cc">
      <Filter>Source Files</Filter>
    </ClCompile>
    <ClCompile Include="3rdparty\GL\glew.c">
      <Filter>Source Files</Filter>
    </ClCompile>
    <ClCompile Include="3rdparty\Box2D\Dynamics\Joints\b2MotorJoint.cpp">
      <Filter>Source Files</Filter>
    </ClCompile>
    <ClCompile Include="game_framework\bindings\animate_component_binding.cpp">
      <Filter>Source Files</Filter>
    </ClCompile>
    <ClCompile Include="game_framework\bindings\animate_message_binding.cpp">
      <Filter>Source Files</Filter>
    </ClCompile>
    <ClCompile Include="game_framework\bindings\animation_binding.cpp">
      <Filter>Source Files</Filter>
    </ClCompile>
    <ClCompile Include="game_framework\bindings\b2Filter_binding.cpp">
      <Filter>Source Files</Filter>
    </ClCompile>
    <ClCompile Include="game_framework\bindings\behaviour_tree_binding.cpp">
      <Filter>Source Files</Filter>
    </ClCompile>
    <ClCompile Include="game_framework\bindings\body_helper_binding.cpp">
      <Filter>Source Files</Filter>
    </ClCompile>
    <ClCompile Include="game_framework\bindings\camera_component_binding.cpp">
      <Filter>Source Files</Filter>
    </ClCompile>
    <ClCompile Include="game_framework\bindings\chase_component_binding.cpp">
      <Filter>Source Files</Filter>
    </ClCompile>
    <ClCompile Include="game_framework\bindings\children_component_binding.cpp">
      <Filter>Source Files</Filter>
    </ClCompile>
    <ClCompile Include="game_framework\bindings\collision_message_binding.cpp">
      <Filter>Source Files</Filter>
    </ClCompile>
    <ClCompile Include="game_framework\bindings\crosshair_component_binding.cpp">
      <Filter>Source Files</Filter>
    </ClCompile>
    <ClCompile Include="game_framework\bindings\damage_component_binding.cpp">
      <Filter>Source Files</Filter>
    </ClCompile>
    <ClCompile Include="game_framework\bindings\damage_message_binding.cpp">
      <Filter>Source Files</Filter>
    </ClCompile>
    <ClCompile Include="game_framework\bindings\destroy_message_binding.cpp">
      <Filter>Source Files</Filter>
    </ClCompile>
    <ClCompile Include="game_framework\bindings\emission_binding.cpp">
      <Filter>Source Files</Filter>
    </ClCompile>
    <ClCompile Include="game_framework\bindings\entity_binding.cpp">
      <Filter>Source Files</Filter>
    </ClCompile>
    <ClCompile Include="game_framework\bindings\entity_ptr_binding.cpp">
      <Filter>Source Files</Filter>
    </ClCompile>
    <ClCompile Include="game_framework\bindings\glwindow_binding.cpp">
      <Filter>Source Files</Filter>
    </ClCompile>
    <ClCompile Include="game_framework\bindings\gun_component_binding.cpp">
      <Filter>Source Files</Filter>
    </ClCompile>
    <ClCompile Include="game_framework\bindings\input_component_binding.cpp">
      <Filter>Source Files</Filter>
    </ClCompile>
    <ClCompile Include="game_framework\bindings\intent_message_binding.cpp">
      <Filter>Source Files</Filter>
    </ClCompile>
    <ClCompile Include="game_framework\bindings\lookat_component_binding.cpp">
      <Filter>Source Files</Filter>
    </ClCompile>
    <ClCompile Include="game_framework\bindings\message_binding.cpp">
      <Filter>Source Files</Filter>
    </ClCompile>
    <ClCompile Include="game_framework\bindings\minmax_binding.cpp">
      <Filter>Source Files</Filter>
    </ClCompile>
    <ClCompile Include="game_framework\bindings\movement_component_binding.cpp">
      <Filter>Source Files</Filter>
    </ClCompile>
    <ClCompile Include="game_framework\bindings\opengl_binding.cpp">
      <Filter>Source Files</Filter>
    </ClCompile>
    <ClCompile Include="game_framework\bindings\particle_binding.cpp">
      <Filter>Source Files</Filter>
    </ClCompile>
    <ClCompile Include="game_framework\bindings\particle_burst_message_binding.cpp">
      <Filter>Source Files</Filter>
    </ClCompile>
    <ClCompile Include="game_framework\bindings\particle_effect_binding.cpp">
      <Filter>Source Files</Filter>
    </ClCompile>
    <ClCompile Include="game_framework\bindings\particle_emitter_component_binding.cpp">
      <Filter>Source Files</Filter>
    </ClCompile>
    <ClCompile Include="game_framework\bindings\pathfinding_component_binding.cpp">
      <Filter>Source Files</Filter>
    </ClCompile>
    <ClCompile Include="game_framework\bindings\physics_component_binding.cpp">
      <Filter>Source Files</Filter>
    </ClCompile>
    <ClCompile Include="game_framework\bindings\polygon_binding.cpp">
      <Filter>Source Files</Filter>
    </ClCompile>
    <ClCompile Include="game_framework\bindings\rect_ltrb_binding.cpp">
      <Filter>Source Files</Filter>
    </ClCompile>
    <ClCompile Include="game_framework\bindings\rect_xywh_binding.cpp">
      <Filter>Source Files</Filter>
    </ClCompile>
    <ClCompile Include="game_framework\bindings\render_component_binding.cpp">
      <Filter>Source Files</Filter>
    </ClCompile>
    <ClCompile Include="game_framework\bindings\rgba_binding.cpp">
      <Filter>Source Files</Filter>
    </ClCompile>
    <ClCompile Include="game_framework\bindings\script_binding.cpp">
      <Filter>Source Files</Filter>
    </ClCompile>
    <ClCompile Include="game_framework\bindings\scriptable_component_binding.cpp">
      <Filter>Source Files</Filter>
    </ClCompile>
    <ClCompile Include="game_framework\bindings\sfml_audio_binding.cpp">
      <Filter>Source Files</Filter>
    </ClCompile>
    <ClCompile Include="game_framework\bindings\shot_message_binding.cpp">
      <Filter>Source Files</Filter>
    </ClCompile>
    <ClCompile Include="game_framework\bindings\sprite_binding.cpp">
      <Filter>Source Files</Filter>
    </ClCompile>
    <ClCompile Include="game_framework\bindings\steering_component_binding.cpp">
      <Filter>Source Files</Filter>
    </ClCompile>
    <ClCompile Include="game_framework\bindings\texture_binding.cpp">
      <Filter>Source Files</Filter>
    </ClCompile>
    <ClCompile Include="game_framework\bindings\timer_binding.cpp">
      <Filter>Source Files</Filter>
    </ClCompile>
    <ClCompile Include="game_framework\bindings\transform_component_binding.cpp">
      <Filter>Source Files</Filter>
    </ClCompile>
    <ClCompile Include="game_framework\bindings\vec2_binding.cpp">
      <Filter>Source Files</Filter>
    </ClCompile>
    <ClCompile Include="game_framework\bindings\visibility_component_binding.cpp">
      <Filter>Source Files</Filter>
    </ClCompile>
    <ClCompile Include="game_framework\bindings\world_binding.cpp">
      <Filter>Source Files</Filter>
    </ClCompile>
    <ClCompile Include="game_framework\game\body_helper.cpp">
      <Filter>Source Files</Filter>
    </ClCompile>
    <ClCompile Include="game_framework\game\texture_helper.cpp">
      <Filter>Source Files</Filter>
    </ClCompile>
    <ClCompile Include="game_framework\resources\animate_info.cpp">
      <Filter>Source Files</Filter>
    </ClCompile>
    <ClCompile Include="game_framework\resources\render_info.cpp">
      <Filter>Source Files</Filter>
    </ClCompile>
    <ClCompile Include="game_framework\resources\scriptable_info.cpp">
      <Filter>Source Files</Filter>
    </ClCompile>
    <ClCompile Include="utilities\entity_system\component.cpp">
      <Filter>Source Files</Filter>
    </ClCompile>
    <ClCompile Include="utilities\entity_system\entity.cpp">
      <Filter>Source Files</Filter>
    </ClCompile>
    <ClCompile Include="utilities\entity_system\entity_ptr.cpp">
      <Filter>Source Files</Filter>
    </ClCompile>
    <ClCompile Include="utilities\entity_system\processing_system.cpp">
      <Filter>Source Files</Filter>
    </ClCompile>
    <ClCompile Include="utilities\entity_system\signature_matcher.cpp">
      <Filter>Source Files</Filter>
    </ClCompile>
    <ClCompile Include="utilities\entity_system\templated_list.cpp">
      <Filter>Source Files</Filter>
    </ClCompile>
    <ClCompile Include="utilities\entity_system\type_registry.cpp">
      <Filter>Source Files</Filter>
    </ClCompile>
    <ClCompile Include="utilities\entity_system\world.cpp">
      <Filter>Source Files</Filter>
    </ClCompile>
    <ClCompile Include="utilities\error\error.cpp">
      <Filter>Source Files</Filter>
    </ClCompile>
    <ClCompile Include="utilities\graphics\fbo.cpp">
      <Filter>Source Files</Filter>
    </ClCompile>
    <ClCompile Include="utilities\graphics\pixel.cpp">
      <Filter>Source Files</Filter>
    </ClCompile>
    <ClCompile Include="utilities\graphics\shader.cpp">
      <Filter>Source Files</Filter>
    </ClCompile>
    <ClCompile Include="utilities\math\rects.cpp">
      <Filter>Source Files</Filter>
    </ClCompile>
    <ClCompile Include="utilities\math\vec2d.cpp">
      <Filter>Source Files</Filter>
    </ClCompile>
    <ClCompile Include="utilities\misc\delta_accumulator.cpp">
      <Filter>Source Files</Filter>
    </ClCompile>
    <ClCompile Include="utilities\misc\randval.cpp">
      <Filter>Source Files</Filter>
    </ClCompile>
    <ClCompile Include="utilities\misc\timer.cpp">
      <Filter>Source Files</Filter>
    </ClCompile>
    <ClCompile Include="utilities\misc\value_animator.cpp">
      <Filter>Source Files</Filter>
    </ClCompile>
    <ClCompile Include="utilities\texture_baker\image.cpp">
      <Filter>Source Files</Filter>
    </ClCompile>
    <ClCompile Include="utilities\texture_baker\rectpack.cpp">
      <Filter>Source Files</Filter>
    </ClCompile>
    <ClCompile Include="utilities\texture_baker\texture_baker.cpp">
      <Filter>Source Files</Filter>
    </ClCompile>
    <ClCompile Include="utilities\window_framework\event.cpp">
      <Filter>Source Files</Filter>
    </ClCompile>
    <ClCompile Include="utilities\window_framework\window.cpp">
      <Filter>Source Files</Filter>
    </ClCompile>
    <ClCompile Include="utilities\augmentations.cpp">
      <Filter>Source Files</Filter>
    </ClCompile>
    <ClCompile Include="game_framework\bindings\value_animator_binding.cpp">
      <Filter>Source Files</Filter>
    </ClCompile>
    <ClCompile Include="game_framework\systems\animation_system.cpp">
      <Filter>Source Files</Filter>
    </ClCompile>
    <ClCompile Include="game_framework\systems\behaviour_tree_system.cpp">
      <Filter>Source Files</Filter>
    </ClCompile>
    <ClCompile Include="game_framework\systems\camera_system.cpp">
      <Filter>Source Files</Filter>
    </ClCompile>
    <ClCompile Include="game_framework\systems\chase_system.cpp">
      <Filter>Source Files</Filter>
    </ClCompile>
    <ClCompile Include="game_framework\systems\crosshair_system.cpp">
      <Filter>Source Files</Filter>
    </ClCompile>
    <ClCompile Include="game_framework\systems\damage_system.cpp">
      <Filter>Source Files</Filter>
    </ClCompile>
    <ClCompile Include="game_framework\systems\destroy_system.cpp">
      <Filter>Source Files</Filter>
    </ClCompile>
    <ClCompile Include="game_framework\systems\gun_system.cpp">
      <Filter>Source Files</Filter>
    </ClCompile>
    <ClCompile Include="game_framework\systems\input_system.cpp">
      <Filter>Source Files</Filter>
    </ClCompile>
    <ClCompile Include="game_framework\systems\lookat_system.cpp">
      <Filter>Source Files</Filter>
    </ClCompile>
    <ClCompile Include="game_framework\systems\movement_system.cpp">
      <Filter>Source Files</Filter>
    </ClCompile>
    <ClCompile Include="game_framework\systems\particle_emitter_system.cpp">
      <Filter>Source Files</Filter>
    </ClCompile>
    <ClCompile Include="game_framework\systems\particle_group_system.cpp">
      <Filter>Source Files</Filter>
    </ClCompile>
    <ClCompile Include="game_framework\systems\pathfinding_system.cpp">
      <Filter>Source Files</Filter>
    </ClCompile>
    <ClCompile Include="game_framework\systems\physics_system.cpp">
      <Filter>Source Files</Filter>
    </ClCompile>
    <ClCompile Include="game_framework\systems\render_system.cpp">
      <Filter>Source Files</Filter>
    </ClCompile>
    <ClCompile Include="game_framework\systems\script_system.cpp">
      <Filter>Source Files</Filter>
    </ClCompile>
    <ClCompile Include="game_framework\systems\steering_system.cpp">
      <Filter>Source Files</Filter>
    </ClCompile>
    <ClCompile Include="game_framework\systems\visibility_system.cpp">
      <Filter>Source Files</Filter>
    </ClCompile>
    <ClCompile Include="game_framework\game\polygon_fader.cpp">
      <Filter>Source Files</Filter>
    </ClCompile>
    <ClCompile Include="game_framework\bindings\helpers_binding.cpp">
      <Filter>Source Files</Filter>
    </ClCompile>
    <ClCompile Include="game_framework\bindings\all_systems_binding.cpp">
      <Filter>Source Files</Filter>
    </ClCompile>
    <ClCompile Include="game_framework\world_instance.cpp">
      <Filter>Source Files</Filter>
    </ClCompile>
    <ClCompile Include="3rdparty\lua\lapi.c">
      <Filter>Source Files</Filter>
    </ClCompile>
    <ClCompile Include="3rdparty\lua\lauxlib.c">
      <Filter>Source Files</Filter>
    </ClCompile>
    <ClCompile Include="3rdparty\lua\lbaselib.c">
      <Filter>Source Files</Filter>
    </ClCompile>
    <ClCompile Include="3rdparty\lua\lbitlib.c">
      <Filter>Source Files</Filter>
    </ClCompile>
    <ClCompile Include="3rdparty\lua\lcode.c">
      <Filter>Source Files</Filter>
    </ClCompile>
    <ClCompile Include="3rdparty\lua\lcorolib.c">
      <Filter>Source Files</Filter>
    </ClCompile>
    <ClCompile Include="3rdparty\lua\lctype.c">
      <Filter>Source Files</Filter>
    </ClCompile>
    <ClCompile Include="3rdparty\lua\ldblib.c">
      <Filter>Source Files</Filter>
    </ClCompile>
    <ClCompile Include="3rdparty\lua\ldebug.c">
      <Filter>Source Files</Filter>
    </ClCompile>
    <ClCompile Include="3rdparty\lua\ldo.c">
      <Filter>Source Files</Filter>
    </ClCompile>
    <ClCompile Include="3rdparty\lua\ldump.c">
      <Filter>Source Files</Filter>
    </ClCompile>
    <ClCompile Include="3rdparty\lua\lfunc.c">
      <Filter>Source Files</Filter>
    </ClCompile>
    <ClCompile Include="3rdparty\lua\lgc.c">
      <Filter>Source Files</Filter>
    </ClCompile>
    <ClCompile Include="3rdparty\lua\linit.c">
      <Filter>Source Files</Filter>
    </ClCompile>
    <ClCompile Include="3rdparty\lua\liolib.c">
      <Filter>Source Files</Filter>
    </ClCompile>
    <ClCompile Include="3rdparty\lua\llex.c">
      <Filter>Source Files</Filter>
    </ClCompile>
    <ClCompile Include="3rdparty\lua\lmathlib.c">
      <Filter>Source Files</Filter>
    </ClCompile>
    <ClCompile Include="3rdparty\lua\lmem.c">
      <Filter>Source Files</Filter>
    </ClCompile>
    <ClCompile Include="3rdparty\lua\loadlib.c">
      <Filter>Source Files</Filter>
    </ClCompile>
    <ClCompile Include="3rdparty\lua\lobject.c">
      <Filter>Source Files</Filter>
    </ClCompile>
    <ClCompile Include="3rdparty\lua\lopcodes.c">
      <Filter>Source Files</Filter>
    </ClCompile>
    <ClCompile Include="3rdparty\lua\loslib.c">
      <Filter>Source Files</Filter>
    </ClCompile>
    <ClCompile Include="3rdparty\lua\lparser.c">
      <Filter>Source Files</Filter>
    </ClCompile>
    <ClCompile Include="3rdparty\lua\lstate.c">
      <Filter>Source Files</Filter>
    </ClCompile>
    <ClCompile Include="3rdparty\lua\lstring.c">
      <Filter>Source Files</Filter>
    </ClCompile>
    <ClCompile Include="3rdparty\lua\lstrlib.c">
      <Filter>Source Files</Filter>
    </ClCompile>
    <ClCompile Include="3rdparty\lua\ltable.c">
      <Filter>Source Files</Filter>
    </ClCompile>
    <ClCompile Include="3rdparty\lua\ltablib.c">
      <Filter>Source Files</Filter>
    </ClCompile>
    <ClCompile Include="3rdparty\lua\ltm.c">
      <Filter>Source Files</Filter>
    </ClCompile>
    <ClCompile Include="3rdparty\lua\lundump.c">
      <Filter>Source Files</Filter>
    </ClCompile>
    <ClCompile Include="3rdparty\lua\lvm.c">
      <Filter>Source Files</Filter>
    </ClCompile>
    <ClCompile Include="3rdparty\lua\lzio.c">
      <Filter>Source Files</Filter>
    </ClCompile>
    <ClCompile Include="3rdparty\lua\lua.c">
      <Filter>Source Files</Filter>
    </ClCompile>
    <ClCompile Include="utilities\texture_baker\font.cpp">
      <Filter>Source Files</Filter>
    </ClCompile>
    <ClCompile Include="utilities\graphics\text\drafter.cpp">
      <Filter>Source Files</Filter>
    </ClCompile>
    <ClCompile Include="utilities\graphics\text\printer.cpp">
      <Filter>Source Files</Filter>
    </ClCompile>
    <ClCompile Include="utilities\graphics\text\system.cpp">
      <Filter>Source Files</Filter>
    </ClCompile>
    <ClCompile Include="utilities\graphics\text\word_separator.cpp">
      <Filter>Source Files</Filter>
    </ClCompile>
    <ClCompile Include="utilities\graphics\vertex.cpp">
      <Filter>Source Files</Filter>
    </ClCompile>
    <ClCompile Include="game_framework\bindings\text_binding.cpp">
      <Filter>Source Files</Filter>
    </ClCompile>
    <ClCompile Include="utilities\network\network.cpp">
      <Filter>Source Files</Filter>
    </ClCompile>
    <ClCompile Include="utilities\network\tcp.cpp">
      <Filter>Source Files</Filter>
    </ClCompile>
    <ClCompile Include="utilities\network\udp.cpp">
      <Filter>Source Files</Filter>
    </ClCompile>
    <ClCompile Include="utilities\threads\threads.cpp">
      <Filter>Source Files</Filter>
    </ClCompile>
    <ClCompile Include="utilities\threads\iocp.cpp">
      <Filter>Source Files</Filter>
    </ClCompile>
    <ClCompile Include="utilities\threads\overlapped.cpp">
      <Filter>Source Files</Filter>
    </ClCompile>
    <ClCompile Include="game_framework\main.cpp">
      <Filter>Source Files</Filter>
    </ClCompile>
  </ItemGroup>
  <ItemGroup>
    <ClInclude Include="3rdparty\readdir\targetver.h">
      <Filter>Header Files</Filter>
    </ClInclude>
    <ClInclude Include="3rdparty\readdir\_stdafx.h">
      <Filter>Header Files</Filter>
    </ClInclude>
    <ClInclude Include="3rdparty\Box2D\Common\b2BlockAllocator.h">
      <Filter>Header Files</Filter>
    </ClInclude>
    <ClInclude Include="3rdparty\Box2D\Common\b2Draw.h">
      <Filter>Header Files</Filter>
    </ClInclude>
    <ClInclude Include="3rdparty\Box2D\Common\b2GrowableStack.h">
      <Filter>Header Files</Filter>
    </ClInclude>
    <ClInclude Include="3rdparty\Box2D\Common\b2Math.h">
      <Filter>Header Files</Filter>
    </ClInclude>
    <ClInclude Include="3rdparty\Box2D\Common\b2Settings.h">
      <Filter>Header Files</Filter>
    </ClInclude>
    <ClInclude Include="3rdparty\Box2D\Common\b2StackAllocator.h">
      <Filter>Header Files</Filter>
    </ClInclude>
    <ClInclude Include="3rdparty\Box2D\Common\b2Timer.h">
      <Filter>Header Files</Filter>
    </ClInclude>
    <ClInclude Include="3rdparty\Box2D\Dynamics\Contacts\b2ChainAndCircleContact.h">
      <Filter>Header Files</Filter>
    </ClInclude>
    <ClInclude Include="3rdparty\Box2D\Dynamics\Contacts\b2ChainAndPolygonContact.h">
      <Filter>Header Files</Filter>
    </ClInclude>
    <ClInclude Include="3rdparty\Box2D\Dynamics\Contacts\b2CircleContact.h">
      <Filter>Header Files</Filter>
    </ClInclude>
    <ClInclude Include="3rdparty\Box2D\Dynamics\Contacts\b2Contact.h">
      <Filter>Header Files</Filter>
    </ClInclude>
    <ClInclude Include="3rdparty\Box2D\Dynamics\Contacts\b2ContactSolver.h">
      <Filter>Header Files</Filter>
    </ClInclude>
    <ClInclude Include="3rdparty\Box2D\Dynamics\Contacts\b2EdgeAndCircleContact.h">
      <Filter>Header Files</Filter>
    </ClInclude>
    <ClInclude Include="3rdparty\Box2D\Dynamics\Contacts\b2EdgeAndPolygonContact.h">
      <Filter>Header Files</Filter>
    </ClInclude>
    <ClInclude Include="3rdparty\Box2D\Dynamics\Contacts\b2PolygonAndCircleContact.h">
      <Filter>Header Files</Filter>
    </ClInclude>
    <ClInclude Include="3rdparty\Box2D\Dynamics\Contacts\b2PolygonContact.h">
      <Filter>Header Files</Filter>
    </ClInclude>
    <ClInclude Include="3rdparty\Box2D\Dynamics\Joints\b2DistanceJoint.h">
      <Filter>Header Files</Filter>
    </ClInclude>
    <ClInclude Include="3rdparty\Box2D\Dynamics\Joints\b2FrictionJoint.h">
      <Filter>Header Files</Filter>
    </ClInclude>
    <ClInclude Include="3rdparty\Box2D\Dynamics\Joints\b2GearJoint.h">
      <Filter>Header Files</Filter>
    </ClInclude>
    <ClInclude Include="3rdparty\Box2D\Dynamics\Joints\b2Joint.h">
      <Filter>Header Files</Filter>
    </ClInclude>
    <ClInclude Include="3rdparty\Box2D\Dynamics\Joints\b2MouseJoint.h">
      <Filter>Header Files</Filter>
    </ClInclude>
    <ClInclude Include="3rdparty\Box2D\Dynamics\Joints\b2PrismaticJoint.h">
      <Filter>Header Files</Filter>
    </ClInclude>
    <ClInclude Include="3rdparty\Box2D\Dynamics\Joints\b2PulleyJoint.h">
      <Filter>Header Files</Filter>
    </ClInclude>
    <ClInclude Include="3rdparty\Box2D\Dynamics\Joints\b2RevoluteJoint.h">
      <Filter>Header Files</Filter>
    </ClInclude>
    <ClInclude Include="3rdparty\Box2D\Dynamics\Joints\b2RopeJoint.h">
      <Filter>Header Files</Filter>
    </ClInclude>
    <ClInclude Include="3rdparty\Box2D\Dynamics\Joints\b2WeldJoint.h">
      <Filter>Header Files</Filter>
    </ClInclude>
    <ClInclude Include="3rdparty\Box2D\Dynamics\Joints\b2WheelJoint.h">
      <Filter>Header Files</Filter>
    </ClInclude>
    <ClInclude Include="3rdparty\Box2D\Dynamics\b2Body.h">
      <Filter>Header Files</Filter>
    </ClInclude>
    <ClInclude Include="3rdparty\Box2D\Dynamics\b2ContactManager.h">
      <Filter>Header Files</Filter>
    </ClInclude>
    <ClInclude Include="3rdparty\Box2D\Dynamics\b2Fixture.h">
      <Filter>Header Files</Filter>
    </ClInclude>
    <ClInclude Include="3rdparty\Box2D\Dynamics\b2Island.h">
      <Filter>Header Files</Filter>
    </ClInclude>
    <ClInclude Include="3rdparty\Box2D\Dynamics\b2TimeStep.h">
      <Filter>Header Files</Filter>
    </ClInclude>
    <ClInclude Include="3rdparty\Box2D\Dynamics\b2World.h">
      <Filter>Header Files</Filter>
    </ClInclude>
    <ClInclude Include="3rdparty\Box2D\Dynamics\b2WorldCallbacks.h">
      <Filter>Header Files</Filter>
    </ClInclude>
    <ClInclude Include="3rdparty\Box2D\Rope\b2Rope.h">
      <Filter>Header Files</Filter>
    </ClInclude>
    <ClInclude Include="3rdparty\Box2D\Box2D.h">
      <Filter>Header Files</Filter>
    </ClInclude>
    <ClInclude Include="3rdparty\Box2D\Collision\Shapes\b2ChainShape.h">
      <Filter>Header Files</Filter>
    </ClInclude>
    <ClInclude Include="3rdparty\Box2D\Collision\Shapes\b2CircleShape.h">
      <Filter>Header Files</Filter>
    </ClInclude>
    <ClInclude Include="3rdparty\Box2D\Collision\Shapes\b2EdgeShape.h">
      <Filter>Header Files</Filter>
    </ClInclude>
    <ClInclude Include="3rdparty\Box2D\Collision\Shapes\b2PolygonShape.h">
      <Filter>Header Files</Filter>
    </ClInclude>
    <ClInclude Include="3rdparty\Box2D\Collision\Shapes\b2Shape.h">
      <Filter>Header Files</Filter>
    </ClInclude>
    <ClInclude Include="3rdparty\Box2D\Collision\b2BroadPhase.h">
      <Filter>Header Files</Filter>
    </ClInclude>
    <ClInclude Include="3rdparty\Box2D\Collision\b2Collision.h">
      <Filter>Header Files</Filter>
    </ClInclude>
    <ClInclude Include="3rdparty\Box2D\Collision\b2Distance.h">
      <Filter>Header Files</Filter>
    </ClInclude>
    <ClInclude Include="3rdparty\Box2D\Collision\b2DynamicTree.h">
      <Filter>Header Files</Filter>
    </ClInclude>
    <ClInclude Include="3rdparty\Box2D\Collision\b2TimeOfImpact.h">
      <Filter>Header Files</Filter>
    </ClInclude>
    <ClInclude Include="3rdparty\polypartition\polypartition.h">
      <Filter>Header Files</Filter>
    </ClInclude>
    <ClInclude Include="3rdparty\gtest\src\gtest-internal-inl.h">
      <Filter>Header Files</Filter>
    </ClInclude>
    <ClInclude Include="3rdparty\gtest\internal\gtest-death-test-internal.h">
      <Filter>Header Files</Filter>
    </ClInclude>
    <ClInclude Include="3rdparty\gtest\internal\gtest-filepath.h">
      <Filter>Header Files</Filter>
    </ClInclude>
    <ClInclude Include="3rdparty\gtest\internal\gtest-internal.h">
      <Filter>Header Files</Filter>
    </ClInclude>
    <ClInclude Include="3rdparty\gtest\internal\gtest-linked_ptr.h">
      <Filter>Header Files</Filter>
    </ClInclude>
    <ClInclude Include="3rdparty\gtest\internal\gtest-param-util.h">
      <Filter>Header Files</Filter>
    </ClInclude>
    <ClInclude Include="3rdparty\gtest\internal\gtest-param-util-generated.h">
      <Filter>Header Files</Filter>
    </ClInclude>
    <ClInclude Include="3rdparty\gtest\internal\gtest-port.h">
      <Filter>Header Files</Filter>
    </ClInclude>
    <ClInclude Include="3rdparty\gtest\internal\gtest-string.h">
      <Filter>Header Files</Filter>
    </ClInclude>
    <ClInclude Include="3rdparty\gtest\internal\gtest-tuple.h">
      <Filter>Header Files</Filter>
    </ClInclude>
    <ClInclude Include="3rdparty\gtest\internal\gtest-type-util.h">
      <Filter>Header Files</Filter>
    </ClInclude>
    <ClInclude Include="3rdparty\gtest\gtest.h">
      <Filter>Header Files</Filter>
    </ClInclude>
    <ClInclude Include="3rdparty\gtest\gtest_pred_impl.h">
      <Filter>Header Files</Filter>
    </ClInclude>
    <ClInclude Include="3rdparty\gtest\gtest_prod.h">
      <Filter>Header Files</Filter>
    </ClInclude>
    <ClInclude Include="3rdparty\gtest\gtest-death-test.h">
      <Filter>Header Files</Filter>
    </ClInclude>
    <ClInclude Include="3rdparty\gtest\gtest-message.h">
      <Filter>Header Files</Filter>
    </ClInclude>
    <ClInclude Include="3rdparty\gtest\gtest-param-test.h">
      <Filter>Header Files</Filter>
    </ClInclude>
    <ClInclude Include="3rdparty\gtest\gtest-printers.h">
      <Filter>Header Files</Filter>
    </ClInclude>
    <ClInclude Include="3rdparty\gtest\gtest-spi.h">
      <Filter>Header Files</Filter>
    </ClInclude>
    <ClInclude Include="3rdparty\gtest\gtest-test-part.h">
      <Filter>Header Files</Filter>
    </ClInclude>
    <ClInclude Include="3rdparty\gtest\gtest-typed-test.h">
      <Filter>Header Files</Filter>
    </ClInclude>
    <ClInclude Include="3rdparty\GL\wglew.h">
      <Filter>Header Files</Filter>
    </ClInclude>
    <ClInclude Include="3rdparty\GL\glxew.h">
      <Filter>Header Files</Filter>
    </ClInclude>
    <ClInclude Include="3rdparty\GL\glew.h">
      <Filter>Header Files</Filter>
    </ClInclude>
    <ClInclude Include="3rdparty\luabind\detail\call.hpp">
      <Filter>Header Files</Filter>
    </ClInclude>
    <ClInclude Include="3rdparty\luabind\detail\call_function.hpp">
      <Filter>Header Files</Filter>
    </ClInclude>
    <ClInclude Include="3rdparty\luabind\detail\call_member.hpp">
      <Filter>Header Files</Filter>
    </ClInclude>
    <ClInclude Include="3rdparty\luabind\detail\call_operator_iterate.hpp">
      <Filter>Header Files</Filter>
    </ClInclude>
    <ClInclude Include="3rdparty\luabind\detail\class_registry.hpp">
      <Filter>Header Files</Filter>
    </ClInclude>
    <ClInclude Include="3rdparty\luabind\detail\class_rep.hpp">
      <Filter>Header Files</Filter>
    </ClInclude>
    <ClInclude Include="3rdparty\luabind\detail\constructor.hpp">
      <Filter>Header Files</Filter>
    </ClInclude>
    <ClInclude Include="3rdparty\luabind\detail\conversion_storage.hpp">
      <Filter>Header Files</Filter>
    </ClInclude>
    <ClInclude Include="3rdparty\luabind\detail\convert_to_lua.hpp">
      <Filter>Header Files</Filter>
    </ClInclude>
    <ClInclude Include="3rdparty\luabind\detail\debug.hpp">
      <Filter>Header Files</Filter>
    </ClInclude>
    <ClInclude Include="3rdparty\luabind\detail\decorate_type.hpp">
      <Filter>Header Files</Filter>
    </ClInclude>
    <ClInclude Include="3rdparty\luabind\detail\deduce_signature.hpp">
      <Filter>Header Files</Filter>
    </ClInclude>
    <ClInclude Include="3rdparty\luabind\detail\enum_maker.hpp">
      <Filter>Header Files</Filter>
    </ClInclude>
    <ClInclude Include="3rdparty\luabind\detail\format_signature.hpp">
      <Filter>Header Files</Filter>
    </ClInclude>
    <ClInclude Include="3rdparty\luabind\detail\garbage_collector.hpp">
      <Filter>Header Files</Filter>
    </ClInclude>
    <ClInclude Include="3rdparty\luabind\detail\has_get_pointer.hpp">
      <Filter>Header Files</Filter>
    </ClInclude>
    <ClInclude Include="3rdparty\luabind\detail\inheritance.hpp">
      <Filter>Header Files</Filter>
    </ClInclude>
    <ClInclude Include="3rdparty\luabind\detail\instance_holder.hpp">
      <Filter>Header Files</Filter>
    </ClInclude>
    <ClInclude Include="3rdparty\luabind\detail\link_compatibility.hpp">
      <Filter>Header Files</Filter>
    </ClInclude>
    <ClInclude Include="3rdparty\luabind\detail\make_instance.hpp">
      <Filter>Header Files</Filter>
    </ClInclude>
    <ClInclude Include="3rdparty\luabind\detail\most_derived.hpp">
      <Filter>Header Files</Filter>
    </ClInclude>
    <ClInclude Include="3rdparty\luabind\detail\object.hpp">
      <Filter>Header Files</Filter>
    </ClInclude>
    <ClInclude Include="3rdparty\luabind\detail\object_call.hpp">
      <Filter>Header Files</Filter>
    </ClInclude>
    <ClInclude Include="3rdparty\luabind\detail\object_rep.hpp">
      <Filter>Header Files</Filter>
    </ClInclude>
    <ClInclude Include="3rdparty\luabind\detail\open.hpp">
      <Filter>Header Files</Filter>
    </ClInclude>
    <ClInclude Include="3rdparty\luabind\detail\operator_id.hpp">
      <Filter>Header Files</Filter>
    </ClInclude>
    <ClInclude Include="3rdparty\luabind\detail\other.hpp">
      <Filter>Header Files</Filter>
    </ClInclude>
    <ClInclude Include="3rdparty\luabind\detail\pcall.hpp">
      <Filter>Header Files</Filter>
    </ClInclude>
    <ClInclude Include="3rdparty\luabind\detail\pointee_sizeof.hpp">
      <Filter>Header Files</Filter>
    </ClInclude>
    <ClInclude Include="3rdparty\luabind\detail\pointee_typeid.hpp">
      <Filter>Header Files</Filter>
    </ClInclude>
    <ClInclude Include="3rdparty\luabind\detail\policy.hpp">
      <Filter>Header Files</Filter>
    </ClInclude>
    <ClInclude Include="3rdparty\luabind\detail\primitives.hpp">
      <Filter>Header Files</Filter>
    </ClInclude>
    <ClInclude Include="3rdparty\luabind\detail\property.hpp">
      <Filter>Header Files</Filter>
    </ClInclude>
    <ClInclude Include="3rdparty\luabind\detail\ref.hpp">
      <Filter>Header Files</Filter>
    </ClInclude>
    <ClInclude Include="3rdparty\luabind\detail\signature_match.hpp">
      <Filter>Header Files</Filter>
    </ClInclude>
    <ClInclude Include="3rdparty\luabind\detail\stack_utils.hpp">
      <Filter>Header Files</Filter>
    </ClInclude>
    <ClInclude Include="3rdparty\luabind\detail\typetraits.hpp">
      <Filter>Header Files</Filter>
    </ClInclude>
    <ClInclude Include="3rdparty\luabind\detail\yes_no.hpp">
      <Filter>Header Files</Filter>
    </ClInclude>
    <ClInclude Include="3rdparty\luabind\adopt_policy.hpp">
      <Filter>Header Files</Filter>
    </ClInclude>
    <ClInclude Include="3rdparty\luabind\back_reference.hpp">
      <Filter>Header Files</Filter>
    </ClInclude>
    <ClInclude Include="3rdparty\luabind\back_reference_fwd.hpp">
      <Filter>Header Files</Filter>
    </ClInclude>
    <ClInclude Include="3rdparty\luabind\class.hpp">
      <Filter>Header Files</Filter>
    </ClInclude>
    <ClInclude Include="3rdparty\luabind\class_info.hpp">
      <Filter>Header Files</Filter>
    </ClInclude>
    <ClInclude Include="3rdparty\luabind\config.hpp">
      <Filter>Header Files</Filter>
    </ClInclude>
    <ClInclude Include="3rdparty\luabind\container_policy.hpp">
      <Filter>Header Files</Filter>
    </ClInclude>
    <ClInclude Include="3rdparty\luabind\copy_policy.hpp">
      <Filter>Header Files</Filter>
    </ClInclude>
    <ClInclude Include="3rdparty\luabind\dependency_policy.hpp">
      <Filter>Header Files</Filter>
    </ClInclude>
    <ClInclude Include="3rdparty\luabind\discard_result_policy.hpp">
      <Filter>Header Files</Filter>
    </ClInclude>
    <ClInclude Include="3rdparty\luabind\error.hpp">
      <Filter>Header Files</Filter>
    </ClInclude>
    <ClInclude Include="3rdparty\luabind\error_callback_fun.hpp">
      <Filter>Header Files</Filter>
    </ClInclude>
    <ClInclude Include="3rdparty\luabind\exception_handler.hpp">
      <Filter>Header Files</Filter>
    </ClInclude>
    <ClInclude Include="3rdparty\luabind\from_stack.hpp">
      <Filter>Header Files</Filter>
    </ClInclude>
    <ClInclude Include="3rdparty\luabind\function.hpp">
      <Filter>Header Files</Filter>
    </ClInclude>
    <ClInclude Include="3rdparty\luabind\function_introspection.hpp">
      <Filter>Header Files</Filter>
    </ClInclude>
    <ClInclude Include="3rdparty\luabind\get_main_thread.hpp">
      <Filter>Header Files</Filter>
    </ClInclude>
    <ClInclude Include="3rdparty\luabind\get_pointer.hpp">
      <Filter>Header Files</Filter>
    </ClInclude>
    <ClInclude Include="3rdparty\luabind\handle.hpp">
      <Filter>Header Files</Filter>
    </ClInclude>
    <ClInclude Include="3rdparty\luabind\iterator_policy.hpp">
      <Filter>Header Files</Filter>
    </ClInclude>
    <ClInclude Include="3rdparty\luabind\lua_include.hpp">
      <Filter>Header Files</Filter>
    </ClInclude>
    <ClInclude Include="3rdparty\luabind\lua_state_fwd.hpp">
      <Filter>Header Files</Filter>
    </ClInclude>
    <ClInclude Include="3rdparty\luabind\luabind.hpp">
      <Filter>Header Files</Filter>
    </ClInclude>
    <ClInclude Include="3rdparty\luabind\make_function.hpp">
      <Filter>Header Files</Filter>
    </ClInclude>
    <ClInclude Include="3rdparty\luabind\nil.hpp">
      <Filter>Header Files</Filter>
    </ClInclude>
    <ClInclude Include="3rdparty\luabind\no_dependency.hpp">
      <Filter>Header Files</Filter>
    </ClInclude>
    <ClInclude Include="3rdparty\luabind\object.hpp">
      <Filter>Header Files</Filter>
    </ClInclude>
    <ClInclude Include="3rdparty\luabind\open.hpp">
      <Filter>Header Files</Filter>
    </ClInclude>
    <ClInclude Include="3rdparty\luabind\operator.hpp">
      <Filter>Header Files</Filter>
    </ClInclude>
    <ClInclude Include="3rdparty\luabind\out_value_policy.hpp">
      <Filter>Header Files</Filter>
    </ClInclude>
    <ClInclude Include="3rdparty\luabind\prefix.hpp">
      <Filter>Header Files</Filter>
    </ClInclude>
    <ClInclude Include="3rdparty\luabind\raw_policy.hpp">
      <Filter>Header Files</Filter>
    </ClInclude>
    <ClInclude Include="3rdparty\luabind\return_reference_to_policy.hpp">
      <Filter>Header Files</Filter>
    </ClInclude>
    <ClInclude Include="3rdparty\luabind\scope.hpp">
      <Filter>Header Files</Filter>
    </ClInclude>
    <ClInclude Include="3rdparty\luabind\set_package_preload.hpp">
      <Filter>Header Files</Filter>
    </ClInclude>
    <ClInclude Include="3rdparty\luabind\shared_ptr_converter.hpp">
      <Filter>Header Files</Filter>
    </ClInclude>
    <ClInclude Include="3rdparty\luabind\std_shared_ptr_converter.hpp">
      <Filter>Header Files</Filter>
    </ClInclude>
    <ClInclude Include="3rdparty\luabind\tag_function.hpp">
      <Filter>Header Files</Filter>
    </ClInclude>
    <ClInclude Include="3rdparty\luabind\typeid.hpp">
      <Filter>Header Files</Filter>
    </ClInclude>
    <ClInclude Include="3rdparty\luabind\value_wrapper.hpp">
      <Filter>Header Files</Filter>
    </ClInclude>
    <ClInclude Include="3rdparty\luabind\version.hpp">
      <Filter>Header Files</Filter>
    </ClInclude>
    <ClInclude Include="3rdparty\luabind\weak_ref.hpp">
      <Filter>Header Files</Filter>
    </ClInclude>
    <ClInclude Include="3rdparty\luabind\wrapper_base.hpp">
      <Filter>Header Files</Filter>
    </ClInclude>
    <ClInclude Include="3rdparty\luabind\yield_policy.hpp">
      <Filter>Header Files</Filter>
    </ClInclude>
    <ClInclude Include="3rdparty\Box2D\Dynamics\Joints\b2MotorJoint.h">
      <Filter>Header Files</Filter>
    </ClInclude>
    <ClInclude Include="3rdparty\SFML\Audio\Export.hpp">
      <Filter>Header Files</Filter>
    </ClInclude>
    <ClInclude Include="3rdparty\SFML\Audio\Listener.hpp">
      <Filter>Header Files</Filter>
    </ClInclude>
    <ClInclude Include="3rdparty\SFML\Audio\Music.hpp">
      <Filter>Header Files</Filter>
    </ClInclude>
    <ClInclude Include="3rdparty\SFML\Audio\Sound.hpp">
      <Filter>Header Files</Filter>
    </ClInclude>
    <ClInclude Include="3rdparty\SFML\Audio\SoundBuffer.hpp">
      <Filter>Header Files</Filter>
    </ClInclude>
    <ClInclude Include="3rdparty\SFML\Audio\SoundBufferRecorder.hpp">
      <Filter>Header Files</Filter>
    </ClInclude>
    <ClInclude Include="3rdparty\SFML\Audio\SoundRecorder.hpp">
      <Filter>Header Files</Filter>
    </ClInclude>
    <ClInclude Include="3rdparty\SFML\Audio\SoundSource.hpp">
      <Filter>Header Files</Filter>
    </ClInclude>
    <ClInclude Include="3rdparty\SFML\Audio\SoundStream.hpp">
      <Filter>Header Files</Filter>
    </ClInclude>
    <ClInclude Include="3rdparty\SFML\Graphics\BlendMode.hpp">
      <Filter>Header Files</Filter>
    </ClInclude>
    <ClInclude Include="3rdparty\SFML\Graphics\CircleShape.hpp">
      <Filter>Header Files</Filter>
    </ClInclude>
    <ClInclude Include="3rdparty\SFML\Graphics\Color.hpp">
      <Filter>Header Files</Filter>
    </ClInclude>
    <ClInclude Include="3rdparty\SFML\Graphics\ConvexShape.hpp">
      <Filter>Header Files</Filter>
    </ClInclude>
    <ClInclude Include="3rdparty\SFML\Graphics\Drawable.hpp">
      <Filter>Header Files</Filter>
    </ClInclude>
    <ClInclude Include="3rdparty\SFML\Graphics\Export.hpp">
      <Filter>Header Files</Filter>
    </ClInclude>
    <ClInclude Include="3rdparty\SFML\Graphics\Font.hpp">
      <Filter>Header Files</Filter>
    </ClInclude>
    <ClInclude Include="3rdparty\SFML\Graphics\Glyph.hpp">
      <Filter>Header Files</Filter>
    </ClInclude>
    <ClInclude Include="3rdparty\SFML\Graphics\Image.hpp">
      <Filter>Header Files</Filter>
    </ClInclude>
    <ClInclude Include="3rdparty\SFML\Graphics\PrimitiveType.hpp">
      <Filter>Header Files</Filter>
    </ClInclude>
    <ClInclude Include="3rdparty\SFML\Graphics\Rect.hpp">
      <Filter>Header Files</Filter>
    </ClInclude>
    <ClInclude Include="3rdparty\SFML\Graphics\RectangleShape.hpp">
      <Filter>Header Files</Filter>
    </ClInclude>
    <ClInclude Include="3rdparty\SFML\Graphics\RenderStates.hpp">
      <Filter>Header Files</Filter>
    </ClInclude>
    <ClInclude Include="3rdparty\SFML\Graphics\RenderTarget.hpp">
      <Filter>Header Files</Filter>
    </ClInclude>
    <ClInclude Include="3rdparty\SFML\Graphics\RenderTexture.hpp">
      <Filter>Header Files</Filter>
    </ClInclude>
    <ClInclude Include="3rdparty\SFML\Graphics\RenderWindow.hpp">
      <Filter>Header Files</Filter>
    </ClInclude>
    <ClInclude Include="3rdparty\SFML\Graphics\Shader.hpp">
      <Filter>Header Files</Filter>
    </ClInclude>
    <ClInclude Include="3rdparty\SFML\Graphics\Shape.hpp">
      <Filter>Header Files</Filter>
    </ClInclude>
    <ClInclude Include="3rdparty\SFML\Graphics\Sprite.hpp">
      <Filter>Header Files</Filter>
    </ClInclude>
    <ClInclude Include="3rdparty\SFML\Graphics\Text.hpp">
      <Filter>Header Files</Filter>
    </ClInclude>
    <ClInclude Include="3rdparty\SFML\Graphics\Texture.hpp">
      <Filter>Header Files</Filter>
    </ClInclude>
    <ClInclude Include="3rdparty\SFML\Graphics\Transform.hpp">
      <Filter>Header Files</Filter>
    </ClInclude>
    <ClInclude Include="3rdparty\SFML\Graphics\Transformable.hpp">
      <Filter>Header Files</Filter>
    </ClInclude>
    <ClInclude Include="3rdparty\SFML\Graphics\Vertex.hpp">
      <Filter>Header Files</Filter>
    </ClInclude>
    <ClInclude Include="3rdparty\SFML\Graphics\VertexArray.hpp">
      <Filter>Header Files</Filter>
    </ClInclude>
    <ClInclude Include="3rdparty\SFML\Graphics\View.hpp">
      <Filter>Header Files</Filter>
    </ClInclude>
    <ClInclude Include="3rdparty\SFML\Network\Export.hpp">
      <Filter>Header Files</Filter>
    </ClInclude>
    <ClInclude Include="3rdparty\SFML\Network\Ftp.hpp">
      <Filter>Header Files</Filter>
    </ClInclude>
    <ClInclude Include="3rdparty\SFML\Network\Http.hpp">
      <Filter>Header Files</Filter>
    </ClInclude>
    <ClInclude Include="3rdparty\SFML\Network\IpAddress.hpp">
      <Filter>Header Files</Filter>
    </ClInclude>
    <ClInclude Include="3rdparty\SFML\Network\Packet.hpp">
      <Filter>Header Files</Filter>
    </ClInclude>
    <ClInclude Include="3rdparty\SFML\Network\Socket.hpp">
      <Filter>Header Files</Filter>
    </ClInclude>
    <ClInclude Include="3rdparty\SFML\Network\SocketHandle.hpp">
      <Filter>Header Files</Filter>
    </ClInclude>
    <ClInclude Include="3rdparty\SFML\Network\SocketSelector.hpp">
      <Filter>Header Files</Filter>
    </ClInclude>
    <ClInclude Include="3rdparty\SFML\Network\TcpListener.hpp">
      <Filter>Header Files</Filter>
    </ClInclude>
    <ClInclude Include="3rdparty\SFML\Network\TcpSocket.hpp">
      <Filter>Header Files</Filter>
    </ClInclude>
    <ClInclude Include="3rdparty\SFML\Network\UdpSocket.hpp">
      <Filter>Header Files</Filter>
    </ClInclude>
    <ClInclude Include="3rdparty\SFML\System\Clock.hpp">
      <Filter>Header Files</Filter>
    </ClInclude>
    <ClInclude Include="3rdparty\SFML\System\Err.hpp">
      <Filter>Header Files</Filter>
    </ClInclude>
    <ClInclude Include="3rdparty\SFML\System\Export.hpp">
      <Filter>Header Files</Filter>
    </ClInclude>
    <ClInclude Include="3rdparty\SFML\System\InputStream.hpp">
      <Filter>Header Files</Filter>
    </ClInclude>
    <ClInclude Include="3rdparty\SFML\System\Lock.hpp">
      <Filter>Header Files</Filter>
    </ClInclude>
    <ClInclude Include="3rdparty\SFML\System\Mutex.hpp">
      <Filter>Header Files</Filter>
    </ClInclude>
    <ClInclude Include="3rdparty\SFML\System\NonCopyable.hpp">
      <Filter>Header Files</Filter>
    </ClInclude>
    <ClInclude Include="3rdparty\SFML\System\Sleep.hpp">
      <Filter>Header Files</Filter>
    </ClInclude>
    <ClInclude Include="3rdparty\SFML\System\String.hpp">
      <Filter>Header Files</Filter>
    </ClInclude>
    <ClInclude Include="3rdparty\SFML\System\Thread.hpp">
      <Filter>Header Files</Filter>
    </ClInclude>
    <ClInclude Include="3rdparty\SFML\System\ThreadLocal.hpp">
      <Filter>Header Files</Filter>
    </ClInclude>
    <ClInclude Include="3rdparty\SFML\System\ThreadLocalPtr.hpp">
      <Filter>Header Files</Filter>
    </ClInclude>
    <ClInclude Include="3rdparty\SFML\System\Time.hpp">
      <Filter>Header Files</Filter>
    </ClInclude>
    <ClInclude Include="3rdparty\SFML\System\Utf.hpp">
      <Filter>Header Files</Filter>
    </ClInclude>
    <ClInclude Include="3rdparty\SFML\System\Vector2.hpp">
      <Filter>Header Files</Filter>
    </ClInclude>
    <ClInclude Include="3rdparty\SFML\System\Vector3.hpp">
      <Filter>Header Files</Filter>
    </ClInclude>
    <ClInclude Include="3rdparty\SFML\Window\Context.hpp">
      <Filter>Header Files</Filter>
    </ClInclude>
    <ClInclude Include="3rdparty\SFML\Window\ContextSettings.hpp">
      <Filter>Header Files</Filter>
    </ClInclude>
    <ClInclude Include="3rdparty\SFML\Window\Event.hpp">
      <Filter>Header Files</Filter>
    </ClInclude>
    <ClInclude Include="3rdparty\SFML\Window\Export.hpp">
      <Filter>Header Files</Filter>
    </ClInclude>
    <ClInclude Include="3rdparty\SFML\Window\GlResource.hpp">
      <Filter>Header Files</Filter>
    </ClInclude>
    <ClInclude Include="3rdparty\SFML\Window\Joystick.hpp">
      <Filter>Header Files</Filter>
    </ClInclude>
    <ClInclude Include="3rdparty\SFML\Window\Keyboard.hpp">
      <Filter>Header Files</Filter>
    </ClInclude>
    <ClInclude Include="3rdparty\SFML\Window\Mouse.hpp">
      <Filter>Header Files</Filter>
    </ClInclude>
    <ClInclude Include="3rdparty\SFML\Window\VideoMode.hpp">
      <Filter>Header Files</Filter>
    </ClInclude>
    <ClInclude Include="3rdparty\SFML\Window\Window.hpp">
      <Filter>Header Files</Filter>
    </ClInclude>
    <ClInclude Include="3rdparty\SFML\Window\WindowHandle.hpp">
      <Filter>Header Files</Filter>
    </ClInclude>
    <ClInclude Include="3rdparty\SFML\Window\WindowStyle.hpp">
      <Filter>Header Files</Filter>
    </ClInclude>
    <ClInclude Include="3rdparty\SFML\Audio.hpp">
      <Filter>Header Files</Filter>
    </ClInclude>
    <ClInclude Include="3rdparty\SFML\Config.hpp">
      <Filter>Header Files</Filter>
    </ClInclude>
    <ClInclude Include="3rdparty\SFML\Graphics.hpp">
      <Filter>Header Files</Filter>
    </ClInclude>
    <ClInclude Include="3rdparty\SFML\Network.hpp">
      <Filter>Header Files</Filter>
    </ClInclude>
    <ClInclude Include="3rdparty\SFML\OpenGL.hpp">
      <Filter>Header Files</Filter>
    </ClInclude>
    <ClInclude Include="3rdparty\SFML\System.hpp">
      <Filter>Header Files</Filter>
    </ClInclude>
    <ClInclude Include="3rdparty\SFML\Window.hpp">
      <Filter>Header Files</Filter>
    </ClInclude>
    <ClInclude Include="game_framework\bindings\bindings.h">
      <Filter>Header Files</Filter>
    </ClInclude>
    <ClInclude Include="game_framework\components\animate_component.h">
      <Filter>Header Files</Filter>
    </ClInclude>
    <ClInclude Include="game_framework\components\behaviour_tree_component.h">
      <Filter>Header Files</Filter>
    </ClInclude>
    <ClInclude Include="game_framework\components\camera_component.h">
      <Filter>Header Files</Filter>
    </ClInclude>
    <ClInclude Include="game_framework\components\chase_component.h">
      <Filter>Header Files</Filter>
    </ClInclude>
    <ClInclude Include="game_framework\components\children_component.h">
      <Filter>Header Files</Filter>
    </ClInclude>
    <ClInclude Include="game_framework\components\crosshair_component.h">
      <Filter>Header Files</Filter>
    </ClInclude>
    <ClInclude Include="game_framework\components\damage_component.h">
      <Filter>Header Files</Filter>
    </ClInclude>
    <ClInclude Include="game_framework\components\gun_component.h">
      <Filter>Header Files</Filter>
    </ClInclude>
    <ClInclude Include="game_framework\components\input_component.h">
      <Filter>Header Files</Filter>
    </ClInclude>
    <ClInclude Include="game_framework\components\lookat_component.h">
      <Filter>Header Files</Filter>
    </ClInclude>
    <ClInclude Include="game_framework\components\movement_component.h">
      <Filter>Header Files</Filter>
    </ClInclude>
    <ClInclude Include="game_framework\components\particle_emitter_component.h">
      <Filter>Header Files</Filter>
    </ClInclude>
    <ClInclude Include="game_framework\components\particle_group_component.h">
      <Filter>Header Files</Filter>
    </ClInclude>
    <ClInclude Include="game_framework\components\pathfinding_component.h">
      <Filter>Header Files</Filter>
    </ClInclude>
    <ClInclude Include="game_framework\components\physics_component.h">
      <Filter>Header Files</Filter>
    </ClInclude>
    <ClInclude Include="game_framework\components\render_component.h">
      <Filter>Header Files</Filter>
    </ClInclude>
    <ClInclude Include="game_framework\components\scriptable_component.h">
      <Filter>Header Files</Filter>
    </ClInclude>
    <ClInclude Include="game_framework\components\steering_component.h">
      <Filter>Header Files</Filter>
    </ClInclude>
    <ClInclude Include="game_framework\components\transform_component.h">
      <Filter>Header Files</Filter>
    </ClInclude>
    <ClInclude Include="game_framework\components\visibility_component.h">
      <Filter>Header Files</Filter>
    </ClInclude>
    <ClInclude Include="game_framework\game\body_helper.h">
      <Filter>Header Files</Filter>
    </ClInclude>
    <ClInclude Include="game_framework\game\texture_helper.h">
      <Filter>Header Files</Filter>
    </ClInclude>
    <ClInclude Include="game_framework\messages\animate_message.h">
      <Filter>Header Files</Filter>
    </ClInclude>
    <ClInclude Include="game_framework\messages\collision_message.h">
      <Filter>Header Files</Filter>
    </ClInclude>
    <ClInclude Include="game_framework\messages\damage_message.h">
      <Filter>Header Files</Filter>
    </ClInclude>
    <ClInclude Include="game_framework\messages\destroy_message.h">
      <Filter>Header Files</Filter>
    </ClInclude>
    <ClInclude Include="game_framework\messages\intent_message.h">
      <Filter>Header Files</Filter>
    </ClInclude>
    <ClInclude Include="game_framework\messages\message.h">
      <Filter>Header Files</Filter>
    </ClInclude>
    <ClInclude Include="game_framework\messages\particle_burst_message.h">
      <Filter>Header Files</Filter>
    </ClInclude>
    <ClInclude Include="game_framework\messages\shot_message.h">
      <Filter>Header Files</Filter>
    </ClInclude>
    <ClInclude Include="game_framework\messages\steering_message.h">
      <Filter>Header Files</Filter>
    </ClInclude>
    <ClInclude Include="game_framework\resources\animate_info.h">
      <Filter>Header Files</Filter>
    </ClInclude>
    <ClInclude Include="game_framework\resources\particle_emitter_info.h">
      <Filter>Header Files</Filter>
    </ClInclude>
    <ClInclude Include="game_framework\resources\render_info.h">
      <Filter>Header Files</Filter>
    </ClInclude>
    <ClInclude Include="game_framework\resources\scriptable_info.h">
      <Filter>Header Files</Filter>
    </ClInclude>
    <ClInclude Include="utilities\entity_system\component.h">
      <Filter>Header Files</Filter>
    </ClInclude>
    <ClInclude Include="utilities\entity_system\entity.h">
      <Filter>Header Files</Filter>
    </ClInclude>
    <ClInclude Include="utilities\entity_system\entity_ptr.h">
      <Filter>Header Files</Filter>
    </ClInclude>
    <ClInclude Include="utilities\entity_system\entity_system.h">
      <Filter>Header Files</Filter>
    </ClInclude>
    <ClInclude Include="utilities\entity_system\processing_system.h">
      <Filter>Header Files</Filter>
    </ClInclude>
    <ClInclude Include="utilities\entity_system\signature_matcher.h">
      <Filter>Header Files</Filter>
    </ClInclude>
    <ClInclude Include="utilities\entity_system\templated_list.h">
      <Filter>Header Files</Filter>
    </ClInclude>
    <ClInclude Include="utilities\entity_system\type_registry.h">
      <Filter>Header Files</Filter>
    </ClInclude>
    <ClInclude Include="utilities\entity_system\world.h">
      <Filter>Header Files</Filter>
    </ClInclude>
    <ClInclude Include="utilities\error\error.h">
      <Filter>Header Files</Filter>
    </ClInclude>
    <ClInclude Include="utilities\graphics\fbo.h">
      <Filter>Header Files</Filter>
    </ClInclude>
    <ClInclude Include="utilities\graphics\pixel.h">
      <Filter>Header Files</Filter>
    </ClInclude>
    <ClInclude Include="utilities\graphics\shader.h">
      <Filter>Header Files</Filter>
    </ClInclude>
    <ClInclude Include="utilities\math\rects.h">
      <Filter>Header Files</Filter>
    </ClInclude>
    <ClInclude Include="utilities\math\vec2d.h">
      <Filter>Header Files</Filter>
    </ClInclude>
    <ClInclude Include="utilities\misc\delta_accumulator.h">
      <Filter>Header Files</Filter>
    </ClInclude>
    <ClInclude Include="utilities\misc\map_wrapper.h">
      <Filter>Header Files</Filter>
    </ClInclude>
    <ClInclude Include="utilities\misc\ptr_wrapper.h">
      <Filter>Header Files</Filter>
    </ClInclude>
    <ClInclude Include="utilities\misc\randval.h">
      <Filter>Header Files</Filter>
    </ClInclude>
    <ClInclude Include="utilities\misc\sorted_vector.h">
      <Filter>Header Files</Filter>
    </ClInclude>
    <ClInclude Include="utilities\misc\stream.h">
      <Filter>Header Files</Filter>
    </ClInclude>
    <ClInclude Include="utilities\misc\timer.h">
      <Filter>Header Files</Filter>
    </ClInclude>
    <ClInclude Include="utilities\misc\value_animator.h">
      <Filter>Header Files</Filter>
    </ClInclude>
    <ClInclude Include="utilities\misc\vector_wrapper.h">
      <Filter>Header Files</Filter>
    </ClInclude>
    <ClInclude Include="utilities\texture_baker\font.h">
      <Filter>Header Files</Filter>
    </ClInclude>
    <ClInclude Include="utilities\texture_baker\image.h">
      <Filter>Header Files</Filter>
    </ClInclude>
    <ClInclude Include="utilities\texture_baker\rectpack.h">
      <Filter>Header Files</Filter>
    </ClInclude>
    <ClInclude Include="utilities\texture_baker\texture_baker.h">
      <Filter>Header Files</Filter>
    </ClInclude>
    <ClInclude Include="utilities\window_framework\event.h">
      <Filter>Header Files</Filter>
    </ClInclude>
    <ClInclude Include="utilities\window_framework\window.h">
      <Filter>Header Files</Filter>
    </ClInclude>
    <ClInclude Include="stdafx.h">
      <Filter>Header Files</Filter>
    </ClInclude>
    <ClInclude Include="utilities\augmentations.h">
      <Filter>Header Files</Filter>
    </ClInclude>
    <ClInclude Include="utilities\options.h">
      <Filter>Header Files</Filter>
    </ClInclude>
    <ClInclude Include="game_framework\systems\animation_system.h">
      <Filter>Header Files</Filter>
    </ClInclude>
    <ClInclude Include="game_framework\systems\behaviour_tree_system.h">
      <Filter>Header Files</Filter>
    </ClInclude>
    <ClInclude Include="game_framework\systems\camera_system.h">
      <Filter>Header Files</Filter>
    </ClInclude>
    <ClInclude Include="game_framework\systems\chase_system.h">
      <Filter>Header Files</Filter>
    </ClInclude>
    <ClInclude Include="game_framework\systems\crosshair_system.h">
      <Filter>Header Files</Filter>
    </ClInclude>
    <ClInclude Include="game_framework\systems\damage_system.h">
      <Filter>Header Files</Filter>
    </ClInclude>
    <ClInclude Include="game_framework\systems\destroy_system.h">
      <Filter>Header Files</Filter>
    </ClInclude>
    <ClInclude Include="game_framework\systems\gun_system.h">
      <Filter>Header Files</Filter>
    </ClInclude>
    <ClInclude Include="game_framework\systems\input_system.h">
      <Filter>Header Files</Filter>
    </ClInclude>
    <ClInclude Include="game_framework\systems\lookat_system.h">
      <Filter>Header Files</Filter>
    </ClInclude>
    <ClInclude Include="game_framework\systems\movement_system.h">
      <Filter>Header Files</Filter>
    </ClInclude>
    <ClInclude Include="game_framework\systems\particle_emitter_system.h">
      <Filter>Header Files</Filter>
    </ClInclude>
    <ClInclude Include="game_framework\systems\particle_group_system.h">
      <Filter>Header Files</Filter>
    </ClInclude>
    <ClInclude Include="game_framework\systems\pathfinding_system.h">
      <Filter>Header Files</Filter>
    </ClInclude>
    <ClInclude Include="game_framework\systems\physics_system.h">
      <Filter>Header Files</Filter>
    </ClInclude>
    <ClInclude Include="game_framework\systems\render_system.h">
      <Filter>Header Files</Filter>
    </ClInclude>
    <ClInclude Include="game_framework\systems\script_system.h">
      <Filter>Header Files</Filter>
    </ClInclude>
    <ClInclude Include="game_framework\systems\steering_system.h">
      <Filter>Header Files</Filter>
    </ClInclude>
    <ClInclude Include="game_framework\systems\visibility_system.h">
      <Filter>Header Files</Filter>
    </ClInclude>
    <ClInclude Include="game_framework\game\polygon_fader.h">
      <Filter>Header Files</Filter>
    </ClInclude>
    <ClInclude Include="game_framework\world_instance.h">
      <Filter>Header Files</Filter>
    </ClInclude>
    <ClInclude Include="3rdparty\lua\lapi.h">
      <Filter>Header Files</Filter>
    </ClInclude>
    <ClInclude Include="3rdparty\lua\lauxlib.h">
      <Filter>Header Files</Filter>
    </ClInclude>
    <ClInclude Include="3rdparty\lua\lcode.h">
      <Filter>Header Files</Filter>
    </ClInclude>
    <ClInclude Include="3rdparty\lua\lctype.h">
      <Filter>Header Files</Filter>
    </ClInclude>
    <ClInclude Include="3rdparty\lua\ldebug.h">
      <Filter>Header Files</Filter>
    </ClInclude>
    <ClInclude Include="3rdparty\lua\ldo.h">
      <Filter>Header Files</Filter>
    </ClInclude>
    <ClInclude Include="3rdparty\lua\lfunc.h">
      <Filter>Header Files</Filter>
    </ClInclude>
    <ClInclude Include="3rdparty\lua\lgc.h">
      <Filter>Header Files</Filter>
    </ClInclude>
    <ClInclude Include="3rdparty\lua\llex.h">
      <Filter>Header Files</Filter>
    </ClInclude>
    <ClInclude Include="3rdparty\lua\llimits.h">
      <Filter>Header Files</Filter>
    </ClInclude>
    <ClInclude Include="3rdparty\lua\lmem.h">
      <Filter>Header Files</Filter>
    </ClInclude>
    <ClInclude Include="3rdparty\lua\lobject.h">
      <Filter>Header Files</Filter>
    </ClInclude>
    <ClInclude Include="3rdparty\lua\lopcodes.h">
      <Filter>Header Files</Filter>
    </ClInclude>
    <ClInclude Include="3rdparty\lua\lparser.h">
      <Filter>Header Files</Filter>
    </ClInclude>
    <ClInclude Include="3rdparty\lua\lstate.h">
      <Filter>Header Files</Filter>
    </ClInclude>
    <ClInclude Include="3rdparty\lua\lstring.h">
      <Filter>Header Files</Filter>
    </ClInclude>
    <ClInclude Include="3rdparty\lua\ltable.h">
      <Filter>Header Files</Filter>
    </ClInclude>
    <ClInclude Include="3rdparty\lua\ltm.h">
      <Filter>Header Files</Filter>
    </ClInclude>
    <ClInclude Include="3rdparty\lua\lua.h">
      <Filter>Header Files</Filter>
    </ClInclude>
    <ClInclude Include="3rdparty\lua\lua.hpp">
      <Filter>Header Files</Filter>
    </ClInclude>
    <ClInclude Include="3rdparty\lua\luaconf.h">
      <Filter>Header Files</Filter>
    </ClInclude>
    <ClInclude Include="3rdparty\lua\lualib.h">
      <Filter>Header Files</Filter>
    </ClInclude>
    <ClInclude Include="3rdparty\lua\lundump.h">
      <Filter>Header Files</Filter>
    </ClInclude>
    <ClInclude Include="3rdparty\lua\lvm.h">
      <Filter>Header Files</Filter>
    </ClInclude>
    <ClInclude Include="3rdparty\lua\lzio.h">
      <Filter>Header Files</Filter>
    </ClInclude>
    <ClInclude Include="utilities\graphics\text\drafter.h">
      <Filter>Header Files</Filter>
    </ClInclude>
    <ClInclude Include="utilities\graphics\text\printer.h">
      <Filter>Header Files</Filter>
    </ClInclude>
    <ClInclude Include="utilities\graphics\text\system.h">
      <Filter>Header Files</Filter>
    </ClInclude>
    <ClInclude Include="utilities\graphics\text\word_separator.h">
      <Filter>Header Files</Filter>
    </ClInclude>
    <ClInclude Include="utilities\graphics\vertex.h">
      <Filter>Header Files</Filter>
    </ClInclude>
    <ClInclude Include="utilities\network\network.h">
      <Filter>Header Files</Filter>
    </ClInclude>
    <ClInclude Include="utilities\threads\threads.h">
      <Filter>Header Files</Filter>
    </ClInclude>
    <ClInclude Include="game_framework\game_framework.h">
      <Filter>Header Files</Filter>
    </ClInclude>
  </ItemGroup>
  <ItemGroup>
    <None Include="scripts\entity_creation_util.lua" />
    <None Include="3rdparty\SFML\Graphics\Rect.inl">
      <Filter>Header Files</Filter>
    </None>
    <None Include="3rdparty\SFML\System\String.inl">
      <Filter>Header Files</Filter>
    </None>
    <None Include="3rdparty\SFML\System\Thread.inl">
      <Filter>Header Files</Filter>
    </None>
    <None Include="3rdparty\SFML\System\ThreadLocalPtr.inl">
      <Filter>Header Files</Filter>
    </None>
    <None Include="3rdparty\SFML\System\Utf.inl">
      <Filter>Header Files</Filter>
    </None>
    <None Include="3rdparty\SFML\System\Vector2.inl">
      <Filter>Header Files</Filter>
    </None>
    <None Include="3rdparty\SFML\System\Vector3.inl">
      <Filter>Header Files</Filter>
    </None>
  </ItemGroup>
</Project>